// !$*UTF8*$!
{
	archiveVersion = 1;
	classes = {
	};
	objectVersion = 45;
	objects = {

/* Begin PBXBuildFile section */
		1DDD58160DA1D0A300B32029 /* MainMenu.xib in Resources */ = {isa = PBXBuildFile; fileRef = 1DDD58140DA1D0A300B32029 /* MainMenu.xib */; };
		256AC3DA0F4B6AC300CF3369 /* CrashMacAppDelegate.m in Sources */ = {isa = PBXBuildFile; fileRef = 256AC3D90F4B6AC300CF3369 /* CrashMacAppDelegate.m */; };
		3B17920A130ADE7E00E77731 /* HTNotifier.strings in Resources */ = {isa = PBXBuildFile; fileRef = 3B1791EC130ADE7E00E77731 /* HTNotifier.strings */; };
		3B17920B130ADE7E00E77731 /* HTFunctions.m in Sources */ = {isa = PBXBuildFile; fileRef = 3B1791F1130ADE7E00E77731 /* HTFunctions.m */; };
		3B17920C130ADE7E00E77731 /* HTNotice.m in Sources */ = {isa = PBXBuildFile; fileRef = 3B1791F3130ADE7E00E77731 /* HTNotice.m */; };
		3B17920D130ADE7E00E77731 /* HTNotifier.m in Sources */ = {isa = PBXBuildFile; fileRef = 3B1791F5130ADE7E00E77731 /* HTNotifier.m */; };
		3B17920E130ADE7E00E77731 /* HTNotifier_iOS.m in Sources */ = {isa = PBXBuildFile; fileRef = 3B1791F7130ADE7E00E77731 /* HTNotifier_iOS.m */; };
		3B17920F130ADE7E00E77731 /* HTNotifier_Mac.m in Sources */ = {isa = PBXBuildFile; fileRef = 3B1791F9130ADE7E00E77731 /* HTNotifier_Mac.m */; };
		3B179210130ADE7E00E77731 /* DDXMLDocument.m in Sources */ = {isa = PBXBuildFile; fileRef = 3B179200130ADE7E00E77731 /* DDXMLDocument.m */; };
		3B179211130ADE7E00E77731 /* DDXMLElement.m in Sources */ = {isa = PBXBuildFile; fileRef = 3B179202130ADE7E00E77731 /* DDXMLElement.m */; };
		3B179212130ADE7E00E77731 /* DDXMLElementAdditions.m in Sources */ = {isa = PBXBuildFile; fileRef = 3B179204130ADE7E00E77731 /* DDXMLElementAdditions.m */; };
		3B179213130ADE7E00E77731 /* DDXMLNode.m in Sources */ = {isa = PBXBuildFile; fileRef = 3B179206130ADE7E00E77731 /* DDXMLNode.m */; };
		3B179214130ADE7E00E77731 /* NSStringAdditions.m in Sources */ = {isa = PBXBuildFile; fileRef = 3B179209130ADE7E00E77731 /* NSStringAdditions.m */; };
		3B60EEEF12710E6300943D7A /* SystemConfiguration.framework in Frameworks */ = {isa = PBXBuildFile; fileRef = 3B60EEEE12710E6300943D7A /* SystemConfiguration.framework */; };
		3B60EEF312710E7100943D7A /* libxml2.dylib in Frameworks */ = {isa = PBXBuildFile; fileRef = 3B60EEF212710E7100943D7A /* libxml2.dylib */; };
		8D11072B0486CEB800E47090 /* InfoPlist.strings in Resources */ = {isa = PBXBuildFile; fileRef = 089C165CFE840E0CC02AAC07 /* InfoPlist.strings */; };
		8D11072D0486CEB800E47090 /* main.m in Sources */ = {isa = PBXBuildFile; fileRef = 29B97316FDCFA39411CA2CEA /* main.m */; settings = {ATTRIBUTES = (); }; };
		8D11072F0486CEB800E47090 /* Cocoa.framework in Frameworks */ = {isa = PBXBuildFile; fileRef = 1058C7A1FEA54F0111CA2CBB /* Cocoa.framework */; };
/* End PBXBuildFile section */

/* Begin PBXFileReference section */
		089C165DFE840E0CC02AAC07 /* English */ = {isa = PBXFileReference; fileEncoding = 4; lastKnownFileType = text.plist.strings; name = English; path = English.lproj/InfoPlist.strings; sourceTree = "<group>"; };
		1058C7A1FEA54F0111CA2CBB /* Cocoa.framework */ = {isa = PBXFileReference; lastKnownFileType = wrapper.framework; name = Cocoa.framework; path = /System/Library/Frameworks/Cocoa.framework; sourceTree = "<absolute>"; };
		13E42FB307B3F0F600E4EEF1 /* CoreData.framework */ = {isa = PBXFileReference; lastKnownFileType = wrapper.framework; name = CoreData.framework; path = /System/Library/Frameworks/CoreData.framework; sourceTree = "<absolute>"; };
		1DDD58150DA1D0A300B32029 /* English */ = {isa = PBXFileReference; lastKnownFileType = file.xib; name = English; path = English.lproj/MainMenu.xib; sourceTree = "<group>"; };
		256AC3D80F4B6AC300CF3369 /* CrashMacAppDelegate.h */ = {isa = PBXFileReference; fileEncoding = 4; lastKnownFileType = sourcecode.c.h; path = CrashMacAppDelegate.h; sourceTree = "<group>"; };
		256AC3D90F4B6AC300CF3369 /* CrashMacAppDelegate.m */ = {isa = PBXFileReference; fileEncoding = 4; lastKnownFileType = sourcecode.c.objc; path = CrashMacAppDelegate.m; sourceTree = "<group>"; };
		256AC3F00F4B6AF500CF3369 /* CrashMac_Prefix.pch */ = {isa = PBXFileReference; fileEncoding = 4; lastKnownFileType = sourcecode.c.h; path = CrashMac_Prefix.pch; sourceTree = "<group>"; };
		29B97316FDCFA39411CA2CEA /* main.m */ = {isa = PBXFileReference; fileEncoding = 4; lastKnownFileType = sourcecode.c.objc; path = main.m; sourceTree = "<group>"; };
		29B97324FDCFA39411CA2CEA /* AppKit.framework */ = {isa = PBXFileReference; lastKnownFileType = wrapper.framework; name = AppKit.framework; path = /System/Library/Frameworks/AppKit.framework; sourceTree = "<absolute>"; };
		29B97325FDCFA39411CA2CEA /* Foundation.framework */ = {isa = PBXFileReference; lastKnownFileType = wrapper.framework; name = Foundation.framework; path = /System/Library/Frameworks/Foundation.framework; sourceTree = "<absolute>"; };
		3B1791ED130ADE7E00E77731 /* de */ = {isa = PBXFileReference; lastKnownFileType = text.plist.strings; name = de; path = de.lproj/HTNotifier.strings; sourceTree = "<group>"; };
		3B1791EE130ADE7E00E77731 /* en */ = {isa = PBXFileReference; lastKnownFileType = text.plist.strings; name = en; path = en.lproj/HTNotifier.strings; sourceTree = "<group>"; };
		3B1791EF130ADE7E00E77731 /* es */ = {isa = PBXFileReference; lastKnownFileType = text.plist.strings; name = es; path = es.lproj/HTNotifier.strings; sourceTree = "<group>"; };
		3B1791F0130ADE7E00E77731 /* HTFunctions.h */ = {isa = PBXFileReference; fileEncoding = 4; lastKnownFileType = sourcecode.c.h; path = HTFunctions.h; sourceTree = "<group>"; };
		3B1791F1130ADE7E00E77731 /* HTFunctions.m */ = {isa = PBXFileReference; fileEncoding = 4; lastKnownFileType = sourcecode.c.objc; path = HTFunctions.m; sourceTree = "<group>"; };
		3B1791F2130ADE7E00E77731 /* HTNotice.h */ = {isa = PBXFileReference; fileEncoding = 4; lastKnownFileType = sourcecode.c.h; path = HTNotice.h; sourceTree = "<group>"; };
		3B1791F3130ADE7E00E77731 /* HTNotice.m */ = {isa = PBXFileReference; fileEncoding = 4; lastKnownFileType = sourcecode.c.objc; path = HTNotice.m; sourceTree = "<group>"; };
		3B1791F4130ADE7E00E77731 /* HTNotifier.h */ = {isa = PBXFileReference; fileEncoding = 4; lastKnownFileType = sourcecode.c.h; path = HTNotifier.h; sourceTree = "<group>"; };
		3B1791F5130ADE7E00E77731 /* HTNotifier.m */ = {isa = PBXFileReference; fileEncoding = 4; lastKnownFileType = sourcecode.c.objc; path = HTNotifier.m; sourceTree = "<group>"; };
		3B1791F6130ADE7E00E77731 /* HTNotifier_iOS.h */ = {isa = PBXFileReference; fileEncoding = 4; lastKnownFileType = sourcecode.c.h; path = HTNotifier_iOS.h; sourceTree = "<group>"; };
		3B1791F7130ADE7E00E77731 /* HTNotifier_iOS.m */ = {isa = PBXFileReference; fileEncoding = 4; lastKnownFileType = sourcecode.c.objc; path = HTNotifier_iOS.m; sourceTree = "<group>"; };
		3B1791F8130ADE7E00E77731 /* HTNotifier_Mac.h */ = {isa = PBXFileReference; fileEncoding = 4; lastKnownFileType = sourcecode.c.h; path = HTNotifier_Mac.h; sourceTree = "<group>"; };
		3B1791F9130ADE7E00E77731 /* HTNotifier_Mac.m */ = {isa = PBXFileReference; fileEncoding = 4; lastKnownFileType = sourcecode.c.objc; path = HTNotifier_Mac.m; sourceTree = "<group>"; };
		3B1791FA130ADE7E00E77731 /* HTNotifierDelegate.h */ = {isa = PBXFileReference; fileEncoding = 4; lastKnownFileType = sourcecode.c.h; path = HTNotifierDelegate.h; sourceTree = "<group>"; };
		3B1791FB130ADE7E00E77731 /* ro */ = {isa = PBXFileReference; lastKnownFileType = text.plist.strings; name = ro; path = ro.lproj/HTNotifier.strings; sourceTree = "<group>"; };
		3B1791FC130ADE7E00E77731 /* ru */ = {isa = PBXFileReference; lastKnownFileType = text.plist.strings; name = ru; path = ru.lproj/HTNotifier.strings; sourceTree = "<group>"; };
		3B1791FE130ADE7E00E77731 /* DDXML.h */ = {isa = PBXFileReference; fileEncoding = 4; lastKnownFileType = sourcecode.c.h; path = DDXML.h; sourceTree = "<group>"; };
		3B1791FF130ADE7E00E77731 /* DDXMLDocument.h */ = {isa = PBXFileReference; fileEncoding = 4; lastKnownFileType = sourcecode.c.h; path = DDXMLDocument.h; sourceTree = "<group>"; };
		3B179200130ADE7E00E77731 /* DDXMLDocument.m */ = {isa = PBXFileReference; fileEncoding = 4; lastKnownFileType = sourcecode.c.objc; path = DDXMLDocument.m; sourceTree = "<group>"; };
		3B179201130ADE7E00E77731 /* DDXMLElement.h */ = {isa = PBXFileReference; fileEncoding = 4; lastKnownFileType = sourcecode.c.h; path = DDXMLElement.h; sourceTree = "<group>"; };
		3B179202130ADE7E00E77731 /* DDXMLElement.m */ = {isa = PBXFileReference; fileEncoding = 4; lastKnownFileType = sourcecode.c.objc; path = DDXMLElement.m; sourceTree = "<group>"; };
		3B179203130ADE7E00E77731 /* DDXMLElementAdditions.h */ = {isa = PBXFileReference; fileEncoding = 4; lastKnownFileType = sourcecode.c.h; path = DDXMLElementAdditions.h; sourceTree = "<group>"; };
		3B179204130ADE7E00E77731 /* DDXMLElementAdditions.m */ = {isa = PBXFileReference; fileEncoding = 4; lastKnownFileType = sourcecode.c.objc; path = DDXMLElementAdditions.m; sourceTree = "<group>"; };
		3B179205130ADE7E00E77731 /* DDXMLNode.h */ = {isa = PBXFileReference; fileEncoding = 4; lastKnownFileType = sourcecode.c.h; path = DDXMLNode.h; sourceTree = "<group>"; };
		3B179206130ADE7E00E77731 /* DDXMLNode.m */ = {isa = PBXFileReference; fileEncoding = 4; lastKnownFileType = sourcecode.c.objc; path = DDXMLNode.m; sourceTree = "<group>"; };
		3B179207130ADE7E00E77731 /* DDXMLPrivate.h */ = {isa = PBXFileReference; fileEncoding = 4; lastKnownFileType = sourcecode.c.h; path = DDXMLPrivate.h; sourceTree = "<group>"; };
		3B179208130ADE7E00E77731 /* NSStringAdditions.h */ = {isa = PBXFileReference; fileEncoding = 4; lastKnownFileType = sourcecode.c.h; path = NSStringAdditions.h; sourceTree = "<group>"; };
		3B179209130ADE7E00E77731 /* NSStringAdditions.m */ = {isa = PBXFileReference; fileEncoding = 4; lastKnownFileType = sourcecode.c.objc; path = NSStringAdditions.m; sourceTree = "<group>"; };
		3B60EEEE12710E6300943D7A /* SystemConfiguration.framework */ = {isa = PBXFileReference; lastKnownFileType = wrapper.framework; name = SystemConfiguration.framework; path = System/Library/Frameworks/SystemConfiguration.framework; sourceTree = SDKROOT; };
		3B60EEF212710E7100943D7A /* libxml2.dylib */ = {isa = PBXFileReference; lastKnownFileType = "compiled.mach-o.dylib"; name = libxml2.dylib; path = usr/lib/libxml2.dylib; sourceTree = SDKROOT; };
		8D1107310486CEB800E47090 /* CrashMac-Info.plist */ = {isa = PBXFileReference; fileEncoding = 4; lastKnownFileType = text.plist.xml; path = "CrashMac-Info.plist"; plistStructureDefinitionIdentifier = "<none>"; sourceTree = "<group>"; };
		8D1107320486CEB800E47090 /* CrashMac.app */ = {isa = PBXFileReference; explicitFileType = wrapper.application; includeInIndex = 0; path = CrashMac.app; sourceTree = BUILT_PRODUCTS_DIR; };
/* End PBXFileReference section */

/* Begin PBXFrameworksBuildPhase section */
		8D11072E0486CEB800E47090 /* Frameworks */ = {
			isa = PBXFrameworksBuildPhase;
			buildActionMask = 2147483647;
			files = (
				8D11072F0486CEB800E47090 /* Cocoa.framework in Frameworks */,
				3B60EEEF12710E6300943D7A /* SystemConfiguration.framework in Frameworks */,
				3B60EEF312710E7100943D7A /* libxml2.dylib in Frameworks */,
			);
			runOnlyForDeploymentPostprocessing = 0;
		};
/* End PBXFrameworksBuildPhase section */

/* Begin PBXGroup section */
		19C28FACFE9D520D11CA2CBB /* Products */ = {
			isa = PBXGroup;
			children = (
				8D1107320486CEB800E47090 /* CrashMac.app */,
			);
			name = Products;
			sourceTree = "<group>";
		};
		29B97314FDCFA39411CA2CEA /* CrashMac */ = {
			isa = PBXGroup;
			children = (
				3B1791EB130ADE7E00E77731 /* hoptoadnotifier */,
				3B1791FD130ADE7E00E77731 /* kissxml */,
				3B81475F130202C800CE33FE /* Files */,
				29B97323FDCFA39411CA2CEA /* Frameworks */,
				19C28FACFE9D520D11CA2CBB /* Products */,
			);
			name = CrashMac;
			sourceTree = "<group>";
		};
		29B97323FDCFA39411CA2CEA /* Frameworks */ = {
			isa = PBXGroup;
			children = (
				29B97324FDCFA39411CA2CEA /* AppKit.framework */,
				13E42FB307B3F0F600E4EEF1 /* CoreData.framework */,
				29B97325FDCFA39411CA2CEA /* Foundation.framework */,
				1058C7A1FEA54F0111CA2CBB /* Cocoa.framework */,
				3B60EEEE12710E6300943D7A /* SystemConfiguration.framework */,
				3B60EEF212710E7100943D7A /* libxml2.dylib */,
			);
			name = Frameworks;
			sourceTree = "<group>";
		};
		3B1791EB130ADE7E00E77731 /* hoptoadnotifier */ = {
			isa = PBXGroup;
			children = (
				3B1791EC130ADE7E00E77731 /* HTNotifier.strings */,
				3B1791F0130ADE7E00E77731 /* HTFunctions.h */,
				3B1791F1130ADE7E00E77731 /* HTFunctions.m */,
				3B1791F2130ADE7E00E77731 /* HTNotice.h */,
				3B1791F3130ADE7E00E77731 /* HTNotice.m */,
				3B1791F4130ADE7E00E77731 /* HTNotifier.h */,
				3B1791F5130ADE7E00E77731 /* HTNotifier.m */,
				3B1791F6130ADE7E00E77731 /* HTNotifier_iOS.h */,
				3B1791F7130ADE7E00E77731 /* HTNotifier_iOS.m */,
				3B1791F8130ADE7E00E77731 /* HTNotifier_Mac.h */,
				3B1791F9130ADE7E00E77731 /* HTNotifier_Mac.m */,
				3B1791FA130ADE7E00E77731 /* HTNotifierDelegate.h */,
			);
			name = hoptoadnotifier;
			path = ../hoptoadnotifier;
			sourceTree = "<group>";
		};
		3B1791FD130ADE7E00E77731 /* kissxml */ = {
			isa = PBXGroup;
			children = (
				3B1791FE130ADE7E00E77731 /* DDXML.h */,
				3B1791FF130ADE7E00E77731 /* DDXMLDocument.h */,
				3B179200130ADE7E00E77731 /* DDXMLDocument.m */,
				3B179201130ADE7E00E77731 /* DDXMLElement.h */,
				3B179202130ADE7E00E77731 /* DDXMLElement.m */,
				3B179203130ADE7E00E77731 /* DDXMLElementAdditions.h */,
				3B179204130ADE7E00E77731 /* DDXMLElementAdditions.m */,
				3B179205130ADE7E00E77731 /* DDXMLNode.h */,
				3B179206130ADE7E00E77731 /* DDXMLNode.m */,
				3B179207130ADE7E00E77731 /* DDXMLPrivate.h */,
				3B179208130ADE7E00E77731 /* NSStringAdditions.h */,
				3B179209130ADE7E00E77731 /* NSStringAdditions.m */,
			);
			name = kissxml;
			path = ../kissxml;
			sourceTree = "<group>";
		};
		3B81475F130202C800CE33FE /* Files */ = {
			isa = PBXGroup;
			children = (
				256AC3D80F4B6AC300CF3369 /* CrashMacAppDelegate.h */,
				256AC3D90F4B6AC300CF3369 /* CrashMacAppDelegate.m */,
				256AC3F00F4B6AF500CF3369 /* CrashMac_Prefix.pch */,
				29B97316FDCFA39411CA2CEA /* main.m */,
				8D1107310486CEB800E47090 /* CrashMac-Info.plist */,
				089C165CFE840E0CC02AAC07 /* InfoPlist.strings */,
				1DDD58140DA1D0A300B32029 /* MainMenu.xib */,
			);
			name = Files;
			sourceTree = "<group>";
		};
/* End PBXGroup section */

/* Begin PBXNativeTarget section */
		8D1107260486CEB800E47090 /* CrashMac */ = {
			isa = PBXNativeTarget;
			buildConfigurationList = C01FCF4A08A954540054247B /* Build configuration list for PBXNativeTarget "CrashMac" */;
			buildPhases = (
				8D1107290486CEB800E47090 /* Resources */,
				8D11072C0486CEB800E47090 /* Sources */,
				8D11072E0486CEB800E47090 /* Frameworks */,
				3B3003AC1342D32C001390F0 /* ShellScript */,
			);
			buildRules = (
			);
			dependencies = (
			);
			name = CrashMac;
			productInstallPath = "$(HOME)/Applications";
			productName = CrashMac;
			productReference = 8D1107320486CEB800E47090 /* CrashMac.app */;
			productType = "com.apple.product-type.application";
		};
/* End PBXNativeTarget section */

/* Begin PBXProject section */
		29B97313FDCFA39411CA2CEA /* Project object */ = {
			isa = PBXProject;
			buildConfigurationList = C01FCF4E08A954540054247B /* Build configuration list for PBXProject "CrashMac" */;
			compatibilityVersion = "Xcode 3.1";
			developmentRegion = English;
			hasScannedForEncodings = 1;
			knownRegions = (
				English,
				Japanese,
				French,
				German,
				de,
				en,
				es,
				ro,
				ru,
			);
			mainGroup = 29B97314FDCFA39411CA2CEA /* CrashMac */;
			projectDirPath = "";
			projectRoot = "";
			targets = (
				8D1107260486CEB800E47090 /* CrashMac */,
			);
		};
/* End PBXProject section */

/* Begin PBXResourcesBuildPhase section */
		8D1107290486CEB800E47090 /* Resources */ = {
			isa = PBXResourcesBuildPhase;
			buildActionMask = 2147483647;
			files = (
				8D11072B0486CEB800E47090 /* InfoPlist.strings in Resources */,
				1DDD58160DA1D0A300B32029 /* MainMenu.xib in Resources */,
				3B17920A130ADE7E00E77731 /* HTNotifier.strings in Resources */,
			);
			runOnlyForDeploymentPostprocessing = 0;
		};
/* End PBXResourcesBuildPhase section */

/* Begin PBXShellScriptBuildPhase section */
		3B3003AC1342D32C001390F0 /* ShellScript */ = {
			isa = PBXShellScriptBuildPhase;
			buildActionMask = 2147483647;
			files = (
			);
			inputPaths = (
			);
			outputPaths = (
			);
			runOnlyForDeploymentPostprocessing = 0;
			shellPath = /usr/bin/ruby;
			shellScript = "#!/usr/bin/ruby\n# xcode-git-cfbundleversion.rb\n# Update CFBundleVersion in Info.plist file with short Git revision string\n# http://github.com/guicocoa/xcode-git-cfbundleversion/\n#\n# This is based on\n# http://github.com/digdog/xcode-git-cfbundleversion/\n# http://github.com/jsallis/xcode-git-versioner\n# http://github.com/juretta/iphone-project-tools/tree/v1.0.3\n\nrequire 'rubygems'\nbegin\nrequire 'Plist'\nrescue LoadError => e\nputs \"You need to install the 'Plist' gem: [sudo] gem install plist\"\nexit 1\nend\n\nraise \"Must be run from Xcode\" unless ENV['XCODE_VERSION_ACTUAL']\n\nGIT = \"/usr/bin/git\"\nPRODUCT_PLIST = File.join(ENV['BUILT_PRODUCTS_DIR'], ENV['INFOPLIST_PATH'])\nREVISION = `#{GIT} log --pretty=format:'' | wc -l`.scan(/\\d/).to_s\nHASH = `#{GIT} rev-parse HEAD`\nBUNDLE_VERSION = \"CFBundleVersion\"\n\nif File.file?(PRODUCT_PLIST) and REVISION\n\n# update product plist\n`/usr/bin/plutil -convert xml1 \\\"#{PRODUCT_PLIST}\\\"`\ninfo = Plist::parse_xml(PRODUCT_PLIST)\nif info\ninfo[BUNDLE_VERSION] = REVISION\ninfo[\"GCGitCommitHash\"] = HASH.strip!\ninfo.save_plist(PRODUCT_PLIST)\nend\n`/usr/bin/plutil -convert binary1 \\\"#{PRODUCT_PLIST}\\\"`\n\n# log\nputs \"updated #{BUNDLE_VERSION} to #{REVISION}\"\n\nend";
		};
/* End PBXShellScriptBuildPhase section */

/* Begin PBXSourcesBuildPhase section */
		8D11072C0486CEB800E47090 /* Sources */ = {
			isa = PBXSourcesBuildPhase;
			buildActionMask = 2147483647;
			files = (
				8D11072D0486CEB800E47090 /* main.m in Sources */,
				256AC3DA0F4B6AC300CF3369 /* CrashMacAppDelegate.m in Sources */,
				3B17920B130ADE7E00E77731 /* HTFunctions.m in Sources */,
				3B17920C130ADE7E00E77731 /* HTNotice.m in Sources */,
				3B17920D130ADE7E00E77731 /* HTNotifier.m in Sources */,
				3B17920E130ADE7E00E77731 /* HTNotifier_iOS.m in Sources */,
				3B17920F130ADE7E00E77731 /* HTNotifier_Mac.m in Sources */,
				3B179210130ADE7E00E77731 /* DDXMLDocument.m in Sources */,
				3B179211130ADE7E00E77731 /* DDXMLElement.m in Sources */,
				3B179212130ADE7E00E77731 /* DDXMLElementAdditions.m in Sources */,
				3B179213130ADE7E00E77731 /* DDXMLNode.m in Sources */,
				3B179214130ADE7E00E77731 /* NSStringAdditions.m in Sources */,
			);
			runOnlyForDeploymentPostprocessing = 0;
		};
/* End PBXSourcesBuildPhase section */

/* Begin PBXVariantGroup section */
		089C165CFE840E0CC02AAC07 /* InfoPlist.strings */ = {
			isa = PBXVariantGroup;
			children = (
				089C165DFE840E0CC02AAC07 /* English */,
			);
			name = InfoPlist.strings;
			sourceTree = "<group>";
		};
		1DDD58140DA1D0A300B32029 /* MainMenu.xib */ = {
			isa = PBXVariantGroup;
			children = (
				1DDD58150DA1D0A300B32029 /* English */,
			);
			name = MainMenu.xib;
			sourceTree = "<group>";
		};
		3B1791EC130ADE7E00E77731 /* HTNotifier.strings */ = {
			isa = PBXVariantGroup;
			children = (
				3B1791ED130ADE7E00E77731 /* de */,
				3B1791EE130ADE7E00E77731 /* en */,
				3B1791EF130ADE7E00E77731 /* es */,
				3B1791FB130ADE7E00E77731 /* ro */,
				3B1791FC130ADE7E00E77731 /* ru */,
			);
			name = HTNotifier.strings;
			sourceTree = "<group>";
		};
/* End PBXVariantGroup section */

/* Begin XCBuildConfiguration section */
		C01FCF4B08A954540054247B /* Debug */ = {
			isa = XCBuildConfiguration;
			buildSettings = {
				ALWAYS_SEARCH_USER_PATHS = NO;
				GCC_DYNAMIC_NO_PIC = NO;
				GCC_ENABLE_FIX_AND_CONTINUE = YES;
				GCC_OPTIMIZATION_LEVEL = 0;
				GCC_PRECOMPILE_PREFIX_HEADER = YES;
				GCC_PREFIX_HEADER = CrashMac_Prefix.pch;
				INFOPLIST_FILE = "CrashMac-Info.plist";
				INSTALL_PATH = "$(HOME)/Applications";
				PRODUCT_NAME = CrashMac;
			};
			name = Debug;
		};
		C01FCF4F08A954540054247B /* Debug */ = {
			isa = XCBuildConfiguration;
			buildSettings = {
				ARCHS = "$(ARCHS_STANDARD_32_64_BIT)";
				GCC_C_LANGUAGE_STANDARD = gnu99;
				GCC_OPTIMIZATION_LEVEL = 0;
				GCC_VERSION = com.apple.compilers.llvm.clang.1_0;
				GCC_WARN_ABOUT_RETURN_TYPE = YES;
				GCC_WARN_UNUSED_VARIABLE = YES;
				HEADER_SEARCH_PATHS = /usr/include/libxml2;
				MACOSX_DEPLOYMENT_TARGET = 10.5;
				ONLY_ACTIVE_ARCH = YES;
				SDKROOT = macosx;
			};
			name = Debug;
		};
/* End XCBuildConfiguration section */

/* Begin XCConfigurationList section */
		C01FCF4A08A954540054247B /* Build configuration list for PBXNativeTarget "CrashMac" */ = {
			isa = XCConfigurationList;
			buildConfigurations = (
				C01FCF4B08A954540054247B /* Debug */,
			);
			defaultConfigurationIsVisible = 0;
			defaultConfigurationName = Debug;
		};
		C01FCF4E08A954540054247B /* Build configuration list for PBXProject "CrashMac" */ = {
			isa = XCConfigurationList;
			buildConfigurations = (
				C01FCF4F08A954540054247B /* Debug */,
			);
			defaultConfigurationIsVisible = 0;
			defaultConfigurationName = Debug;
		};
/* End XCConfigurationList section */
	};
	rootObject = 29B97313FDCFA39411CA2CEA /* Project object */;
}
