// !$*UTF8*$!
{
	archiveVersion = 1;
	classes = {
	};
	objectVersion = 46;
	objects = {

/* Begin PBXBuildFile section */
		3B2E0B52137A11E1009B558C /* InfoPlist.strings in Resources */ = {isa = PBXBuildFile; fileRef = 3B2E0B50137A11E1009B558C /* InfoPlist.strings */; };
		3B2E0B55137A11E1009B558C /* main.m in Sources */ = {isa = PBXBuildFile; fileRef = 3B2E0B54137A11E1009B558C /* main.m */; };
		3B2E0B58137A11E1009B558C /* Credits.rtf in Resources */ = {isa = PBXBuildFile; fileRef = 3B2E0B56137A11E1009B558C /* Credits.rtf */; };
		3B2E0B5B137A11E1009B558C /* HTSAppDelegate_Mac.m in Sources */ = {isa = PBXBuildFile; fileRef = 3B2E0B5A137A11E1009B558C /* HTSAppDelegate_Mac.m */; };
		3B2E0B5E137A11E1009B558C /* MainMenu.xib in Resources */ = {isa = PBXBuildFile; fileRef = 3B2E0B5C137A11E1009B558C /* MainMenu.xib */; };
		3B2E0B70137A11F9009B558C /* InfoPlist.strings in Resources */ = {isa = PBXBuildFile; fileRef = 3B2E0B6E137A11F9009B558C /* InfoPlist.strings */; };
		3B2E0B73137A11F9009B558C /* main.m in Sources */ = {isa = PBXBuildFile; fileRef = 3B2E0B72137A11F9009B558C /* main.m */; };
		3B2E0B76137A11F9009B558C /* HTSAppDelegate_iOS.m in Sources */ = {isa = PBXBuildFile; fileRef = 3B2E0B75137A11F9009B558C /* HTSAppDelegate_iOS.m */; };
		3B2E0B79137A11F9009B558C /* MainWindow.xib in Resources */ = {isa = PBXBuildFile; fileRef = 3B2E0B77137A11F9009B558C /* MainWindow.xib */; };
		3B2E0B8D137A162C009B558C /* SystemConfiguration.framework in Frameworks */ = {isa = PBXBuildFile; fileRef = 3B2E0B8C137A162C009B558C /* SystemConfiguration.framework */; };
		3B2E0B8F137A1632009B558C /* UIKit.framework in Frameworks */ = {isa = PBXBuildFile; fileRef = 3B2E0B8E137A1632009B558C /* UIKit.framework */; };
		3B2E0B91137A1640009B558C /* CoreGraphics.framework in Frameworks */ = {isa = PBXBuildFile; fileRef = 3B2E0B90137A1640009B558C /* CoreGraphics.framework */; };
		3B2E0B93137A1656009B558C /* Foundation.framework in Frameworks */ = {isa = PBXBuildFile; fileRef = 3B2E0B92137A1656009B558C /* Foundation.framework */; };
		3B2E0B95137A1670009B558C /* Cocoa.framework in Frameworks */ = {isa = PBXBuildFile; fileRef = 3B2E0B94137A1670009B558C /* Cocoa.framework */; };
		3B2E0BD0137A16B7009B558C /* libxml2.dylib in Frameworks */ = {isa = PBXBuildFile; fileRef = 3B2E0BCF137A16B7009B558C /* libxml2.dylib */; };
		3B2E0BD2137A16F1009B558C /* SystemConfiguration.framework in Frameworks */ = {isa = PBXBuildFile; fileRef = 3B2E0BD1137A16F1009B558C /* SystemConfiguration.framework */; };
		3B2E0BD4137A1718009B558C /* libxml2.dylib in Frameworks */ = {isa = PBXBuildFile; fileRef = 3B2E0BD3137A1718009B558C /* libxml2.dylib */; };
		3B2E0C40137A2069009B558C /* DDXMLElementAdditions.m in Sources */ = {isa = PBXBuildFile; fileRef = 3B2E0C27137A2069009B558C /* DDXMLElementAdditions.m */; };
		3B2E0C41137A2069009B558C /* DDXMLElementAdditions.m in Sources */ = {isa = PBXBuildFile; fileRef = 3B2E0C27137A2069009B558C /* DDXMLElementAdditions.m */; };
		3B2E0C42137A2069009B558C /* NSString+DDXML.m in Sources */ = {isa = PBXBuildFile; fileRef = 3B2E0C2A137A2069009B558C /* NSString+DDXML.m */; };
		3B2E0C43137A2069009B558C /* NSString+DDXML.m in Sources */ = {isa = PBXBuildFile; fileRef = 3B2E0C2A137A2069009B558C /* NSString+DDXML.m */; };
		3B2E0C44137A2069009B558C /* DDXMLDocument.m in Sources */ = {isa = PBXBuildFile; fileRef = 3B2E0C2D137A2069009B558C /* DDXMLDocument.m */; };
		3B2E0C45137A2069009B558C /* DDXMLDocument.m in Sources */ = {isa = PBXBuildFile; fileRef = 3B2E0C2D137A2069009B558C /* DDXMLDocument.m */; };
		3B2E0C46137A2069009B558C /* DDXMLElement.m in Sources */ = {isa = PBXBuildFile; fileRef = 3B2E0C2F137A2069009B558C /* DDXMLElement.m */; };
		3B2E0C47137A2069009B558C /* DDXMLElement.m in Sources */ = {isa = PBXBuildFile; fileRef = 3B2E0C2F137A2069009B558C /* DDXMLElement.m */; };
		3B2E0C48137A2069009B558C /* DDXMLNode.m in Sources */ = {isa = PBXBuildFile; fileRef = 3B2E0C31137A2069009B558C /* DDXMLNode.m */; };
		3B2E0C49137A2069009B558C /* DDXMLNode.m in Sources */ = {isa = PBXBuildFile; fileRef = 3B2E0C31137A2069009B558C /* DDXMLNode.m */; };
		3B2E0C4D137B365E009B558C /* RegexKitLite.m in Sources */ = {isa = PBXBuildFile; fileRef = 3B2E0C4C137B365E009B558C /* RegexKitLite.m */; };
		3B2E0C4E137B365E009B558C /* RegexKitLite.m in Sources */ = {isa = PBXBuildFile; fileRef = 3B2E0C4C137B365E009B558C /* RegexKitLite.m */; };
		3B2E0C50137B3697009B558C /* libicucore.dylib in Frameworks */ = {isa = PBXBuildFile; fileRef = 3B2E0C4F137B3697009B558C /* libicucore.dylib */; };
		3B2E0C52137B36A4009B558C /* libicucore.dylib in Frameworks */ = {isa = PBXBuildFile; fileRef = 3B2E0C51137B36A4009B558C /* libicucore.dylib */; };
		3BA58929137C871300D9C544 /* HTNotifier.strings in Resources */ = {isa = PBXBuildFile; fileRef = 3BA58915137C871300D9C544 /* HTNotifier.strings */; };
		3BA5892A137C871300D9C544 /* HTNotifier.strings in Resources */ = {isa = PBXBuildFile; fileRef = 3BA58915137C871300D9C544 /* HTNotifier.strings */; };
		3BA5892B137C871300D9C544 /* HTFunctions.m in Sources */ = {isa = PBXBuildFile; fileRef = 3BA5891B137C871300D9C544 /* HTFunctions.m */; };
		3BA5892C137C871300D9C544 /* HTFunctions.m in Sources */ = {isa = PBXBuildFile; fileRef = 3BA5891B137C871300D9C544 /* HTFunctions.m */; };
		3BA5892D137C871300D9C544 /* HTNotice.m in Sources */ = {isa = PBXBuildFile; fileRef = 3BA5891D137C871300D9C544 /* HTNotice.m */; };
		3BA5892E137C871300D9C544 /* HTNotice.m in Sources */ = {isa = PBXBuildFile; fileRef = 3BA5891D137C871300D9C544 /* HTNotice.m */; };
		3BA5892F137C871300D9C544 /* HTNotifier.m in Sources */ = {isa = PBXBuildFile; fileRef = 3BA5891F137C871300D9C544 /* HTNotifier.m */; };
		3BA58930137C871300D9C544 /* HTNotifier.m in Sources */ = {isa = PBXBuildFile; fileRef = 3BA5891F137C871300D9C544 /* HTNotifier.m */; };
		3BA58931137C871300D9C544 /* HTNotifier_iOS.m in Sources */ = {isa = PBXBuildFile; fileRef = 3BA58921137C871300D9C544 /* HTNotifier_iOS.m */; };
		3BA58932137C871300D9C544 /* HTNotifier_iOS.m in Sources */ = {isa = PBXBuildFile; fileRef = 3BA58921137C871300D9C544 /* HTNotifier_iOS.m */; };
		3BA58933137C871300D9C544 /* HTNotifier_Mac.m in Sources */ = {isa = PBXBuildFile; fileRef = 3BA58923137C871300D9C544 /* HTNotifier_Mac.m */; };
		3BA58934137C871300D9C544 /* HTNotifier_Mac.m in Sources */ = {isa = PBXBuildFile; fileRef = 3BA58923137C871300D9C544 /* HTNotifier_Mac.m */; };
/* End PBXBuildFile section */

/* Begin PBXFileReference section */
		3B2E0B45137A11E0009B558C /* Hoptoad Mac.app */ = {isa = PBXFileReference; explicitFileType = wrapper.application; includeInIndex = 0; path = "Hoptoad Mac.app"; sourceTree = BUILT_PRODUCTS_DIR; };
		3B2E0B4F137A11E1009B558C /* Hoptoad Mac-Info.plist */ = {isa = PBXFileReference; lastKnownFileType = text.plist.xml; path = "Hoptoad Mac-Info.plist"; sourceTree = "<group>"; };
		3B2E0B51137A11E1009B558C /* en */ = {isa = PBXFileReference; lastKnownFileType = text.plist.strings; name = en; path = en.lproj/InfoPlist.strings; sourceTree = "<group>"; };
		3B2E0B53137A11E1009B558C /* Hoptoad Mac-Prefix.pch */ = {isa = PBXFileReference; lastKnownFileType = sourcecode.c.h; path = "Hoptoad Mac-Prefix.pch"; sourceTree = "<group>"; };
		3B2E0B54137A11E1009B558C /* main.m */ = {isa = PBXFileReference; lastKnownFileType = sourcecode.c.objc; path = main.m; sourceTree = "<group>"; };
		3B2E0B57137A11E1009B558C /* en */ = {isa = PBXFileReference; lastKnownFileType = text.rtf; name = en; path = en.lproj/Credits.rtf; sourceTree = "<group>"; };
		3B2E0B59137A11E1009B558C /* HTSAppDelegate_Mac.h */ = {isa = PBXFileReference; lastKnownFileType = sourcecode.c.h; path = HTSAppDelegate_Mac.h; sourceTree = "<group>"; };
		3B2E0B5A137A11E1009B558C /* HTSAppDelegate_Mac.m */ = {isa = PBXFileReference; lastKnownFileType = sourcecode.c.objc; path = HTSAppDelegate_Mac.m; sourceTree = "<group>"; };
		3B2E0B5D137A11E1009B558C /* en */ = {isa = PBXFileReference; lastKnownFileType = file.xib; name = en; path = en.lproj/MainMenu.xib; sourceTree = "<group>"; };
		3B2E0B66137A11F8009B558C /* Hoptoad iOS.app */ = {isa = PBXFileReference; explicitFileType = wrapper.application; includeInIndex = 0; path = "Hoptoad iOS.app"; sourceTree = BUILT_PRODUCTS_DIR; };
		3B2E0B6D137A11F9009B558C /* Hoptoad iOS-Info.plist */ = {isa = PBXFileReference; lastKnownFileType = text.plist.xml; path = "Hoptoad iOS-Info.plist"; sourceTree = "<group>"; };
		3B2E0B6F137A11F9009B558C /* en */ = {isa = PBXFileReference; lastKnownFileType = text.plist.strings; name = en; path = en.lproj/InfoPlist.strings; sourceTree = "<group>"; };
		3B2E0B71137A11F9009B558C /* Hoptoad iOS-Prefix.pch */ = {isa = PBXFileReference; lastKnownFileType = sourcecode.c.h; path = "Hoptoad iOS-Prefix.pch"; sourceTree = "<group>"; };
		3B2E0B72137A11F9009B558C /* main.m */ = {isa = PBXFileReference; lastKnownFileType = sourcecode.c.objc; path = main.m; sourceTree = "<group>"; };
		3B2E0B74137A11F9009B558C /* HTSAppDelegate_iOS.h */ = {isa = PBXFileReference; lastKnownFileType = sourcecode.c.h; path = HTSAppDelegate_iOS.h; sourceTree = "<group>"; };
		3B2E0B75137A11F9009B558C /* HTSAppDelegate_iOS.m */ = {isa = PBXFileReference; lastKnownFileType = sourcecode.c.objc; path = HTSAppDelegate_iOS.m; sourceTree = "<group>"; };
		3B2E0B78137A11F9009B558C /* en */ = {isa = PBXFileReference; lastKnownFileType = file.xib; name = en; path = en.lproj/MainWindow.xib; sourceTree = "<group>"; };
		3B2E0B8C137A162C009B558C /* SystemConfiguration.framework */ = {isa = PBXFileReference; lastKnownFileType = wrapper.framework; name = SystemConfiguration.framework; path = Platforms/iPhoneOS.platform/Developer/SDKs/iPhoneOS4.3.sdk/System/Library/Frameworks/SystemConfiguration.framework; sourceTree = DEVELOPER_DIR; };
		3B2E0B8E137A1632009B558C /* UIKit.framework */ = {isa = PBXFileReference; lastKnownFileType = wrapper.framework; name = UIKit.framework; path = Platforms/iPhoneOS.platform/Developer/SDKs/iPhoneOS4.3.sdk/System/Library/Frameworks/UIKit.framework; sourceTree = DEVELOPER_DIR; };
		3B2E0B90137A1640009B558C /* CoreGraphics.framework */ = {isa = PBXFileReference; lastKnownFileType = wrapper.framework; name = CoreGraphics.framework; path = Platforms/iPhoneOS.platform/Developer/SDKs/iPhoneOS4.3.sdk/System/Library/Frameworks/CoreGraphics.framework; sourceTree = DEVELOPER_DIR; };
		3B2E0B92137A1656009B558C /* Foundation.framework */ = {isa = PBXFileReference; lastKnownFileType = wrapper.framework; name = Foundation.framework; path = Platforms/iPhoneOS.platform/Developer/SDKs/iPhoneOS4.3.sdk/System/Library/Frameworks/Foundation.framework; sourceTree = DEVELOPER_DIR; };
		3B2E0B94137A1670009B558C /* Cocoa.framework */ = {isa = PBXFileReference; lastKnownFileType = wrapper.framework; name = Cocoa.framework; path = SDKs/MacOSX10.6.sdk/System/Library/Frameworks/Cocoa.framework; sourceTree = DEVELOPER_DIR; };
		3B2E0BCF137A16B7009B558C /* libxml2.dylib */ = {isa = PBXFileReference; lastKnownFileType = "compiled.mach-o.dylib"; name = libxml2.dylib; path = SDKs/MacOSX10.6.sdk/usr/lib/libxml2.dylib; sourceTree = DEVELOPER_DIR; };
		3B2E0BD1137A16F1009B558C /* SystemConfiguration.framework */ = {isa = PBXFileReference; lastKnownFileType = wrapper.framework; name = SystemConfiguration.framework; path = SDKs/MacOSX10.6.sdk/System/Library/Frameworks/SystemConfiguration.framework; sourceTree = DEVELOPER_DIR; };
		3B2E0BD3137A1718009B558C /* libxml2.dylib */ = {isa = PBXFileReference; lastKnownFileType = "compiled.mach-o.dylib"; name = libxml2.dylib; path = Platforms/iPhoneOS.platform/Developer/SDKs/iPhoneOS4.3.sdk/usr/lib/libxml2.dylib; sourceTree = DEVELOPER_DIR; };
		3B2E0C26137A2069009B558C /* DDXMLElementAdditions.h */ = {isa = PBXFileReference; fileEncoding = 4; lastKnownFileType = sourcecode.c.h; path = DDXMLElementAdditions.h; sourceTree = "<group>"; };
		3B2E0C27137A2069009B558C /* DDXMLElementAdditions.m */ = {isa = PBXFileReference; fileEncoding = 4; lastKnownFileType = sourcecode.c.objc; path = DDXMLElementAdditions.m; sourceTree = "<group>"; };
		3B2E0C29137A2069009B558C /* NSString+DDXML.h */ = {isa = PBXFileReference; fileEncoding = 4; lastKnownFileType = sourcecode.c.h; path = "NSString+DDXML.h"; sourceTree = "<group>"; };
		3B2E0C2A137A2069009B558C /* NSString+DDXML.m */ = {isa = PBXFileReference; fileEncoding = 4; lastKnownFileType = sourcecode.c.objc; path = "NSString+DDXML.m"; sourceTree = "<group>"; };
		3B2E0C2B137A2069009B558C /* DDXML.h */ = {isa = PBXFileReference; fileEncoding = 4; lastKnownFileType = sourcecode.c.h; path = DDXML.h; sourceTree = "<group>"; };
		3B2E0C2C137A2069009B558C /* DDXMLDocument.h */ = {isa = PBXFileReference; fileEncoding = 4; lastKnownFileType = sourcecode.c.h; path = DDXMLDocument.h; sourceTree = "<group>"; };
		3B2E0C2D137A2069009B558C /* DDXMLDocument.m */ = {isa = PBXFileReference; fileEncoding = 4; lastKnownFileType = sourcecode.c.objc; path = DDXMLDocument.m; sourceTree = "<group>"; };
		3B2E0C2E137A2069009B558C /* DDXMLElement.h */ = {isa = PBXFileReference; fileEncoding = 4; lastKnownFileType = sourcecode.c.h; path = DDXMLElement.h; sourceTree = "<group>"; };
		3B2E0C2F137A2069009B558C /* DDXMLElement.m */ = {isa = PBXFileReference; fileEncoding = 4; lastKnownFileType = sourcecode.c.objc; path = DDXMLElement.m; sourceTree = "<group>"; };
		3B2E0C30137A2069009B558C /* DDXMLNode.h */ = {isa = PBXFileReference; fileEncoding = 4; lastKnownFileType = sourcecode.c.h; path = DDXMLNode.h; sourceTree = "<group>"; };
		3B2E0C31137A2069009B558C /* DDXMLNode.m */ = {isa = PBXFileReference; fileEncoding = 4; lastKnownFileType = sourcecode.c.objc; path = DDXMLNode.m; sourceTree = "<group>"; };
		3B2E0C33137A2069009B558C /* DDXMLPrivate.h */ = {isa = PBXFileReference; fileEncoding = 4; lastKnownFileType = sourcecode.c.h; path = DDXMLPrivate.h; sourceTree = "<group>"; };
		3B2E0C4B137B365E009B558C /* RegexKitLite.h */ = {isa = PBXFileReference; fileEncoding = 4; lastKnownFileType = sourcecode.c.h; path = RegexKitLite.h; sourceTree = "<group>"; };
		3B2E0C4C137B365E009B558C /* RegexKitLite.m */ = {isa = PBXFileReference; fileEncoding = 4; lastKnownFileType = sourcecode.c.objc; path = RegexKitLite.m; sourceTree = "<group>"; };
		3B2E0C4F137B3697009B558C /* libicucore.dylib */ = {isa = PBXFileReference; lastKnownFileType = "compiled.mach-o.dylib"; name = libicucore.dylib; path = SDKs/MacOSX10.6.sdk/usr/lib/libicucore.dylib; sourceTree = DEVELOPER_DIR; };
		3B2E0C51137B36A4009B558C /* libicucore.dylib */ = {isa = PBXFileReference; lastKnownFileType = "compiled.mach-o.dylib"; name = libicucore.dylib; path = Platforms/iPhoneOS.platform/Developer/SDKs/iPhoneOS4.3.sdk/usr/lib/libicucore.dylib; sourceTree = DEVELOPER_DIR; };
		3BA58916137C871300D9C544 /* de */ = {isa = PBXFileReference; lastKnownFileType = text.plist.strings; name = de; path = de.lproj/HTNotifier.strings; sourceTree = "<group>"; };
		3BA58917137C871300D9C544 /* en */ = {isa = PBXFileReference; lastKnownFileType = text.plist.strings; name = en; path = en.lproj/HTNotifier.strings; sourceTree = "<group>"; };
		3BA58918137C871300D9C544 /* es */ = {isa = PBXFileReference; lastKnownFileType = text.plist.strings; name = es; path = es.lproj/HTNotifier.strings; sourceTree = "<group>"; };
		3BA58919137C871300D9C544 /* fr */ = {isa = PBXFileReference; lastKnownFileType = text.plist.strings; name = fr; path = fr.lproj/HTNotifier.strings; sourceTree = "<group>"; };
		3BA5891A137C871300D9C544 /* HTFunctions.h */ = {isa = PBXFileReference; fileEncoding = 4; lastKnownFileType = sourcecode.c.h; path = HTFunctions.h; sourceTree = "<group>"; };
		3BA5891B137C871300D9C544 /* HTFunctions.m */ = {isa = PBXFileReference; fileEncoding = 4; lastKnownFileType = sourcecode.c.objc; path = HTFunctions.m; sourceTree = "<group>"; };
		3BA5891C137C871300D9C544 /* HTNotice.h */ = {isa = PBXFileReference; fileEncoding = 4; lastKnownFileType = sourcecode.c.h; path = HTNotice.h; sourceTree = "<group>"; };
		3BA5891D137C871300D9C544 /* HTNotice.m */ = {isa = PBXFileReference; fileEncoding = 4; lastKnownFileType = sourcecode.c.objc; path = HTNotice.m; sourceTree = "<group>"; };
		3BA5891E137C871300D9C544 /* HTNotifier.h */ = {isa = PBXFileReference; fileEncoding = 4; lastKnownFileType = sourcecode.c.h; path = HTNotifier.h; sourceTree = "<group>"; };
		3BA5891F137C871300D9C544 /* HTNotifier.m */ = {isa = PBXFileReference; fileEncoding = 4; lastKnownFileType = sourcecode.c.objc; path = HTNotifier.m; sourceTree = "<group>"; };
		3BA58920137C871300D9C544 /* HTNotifier_iOS.h */ = {isa = PBXFileReference; fileEncoding = 4; lastKnownFileType = sourcecode.c.h; path = HTNotifier_iOS.h; sourceTree = "<group>"; };
		3BA58921137C871300D9C544 /* HTNotifier_iOS.m */ = {isa = PBXFileReference; fileEncoding = 4; lastKnownFileType = sourcecode.c.objc; path = HTNotifier_iOS.m; sourceTree = "<group>"; };
		3BA58922137C871300D9C544 /* HTNotifier_Mac.h */ = {isa = PBXFileReference; fileEncoding = 4; lastKnownFileType = sourcecode.c.h; path = HTNotifier_Mac.h; sourceTree = "<group>"; };
		3BA58923137C871300D9C544 /* HTNotifier_Mac.m */ = {isa = PBXFileReference; fileEncoding = 4; lastKnownFileType = sourcecode.c.objc; path = HTNotifier_Mac.m; sourceTree = "<group>"; };
		3BA58924137C871300D9C544 /* HTNotifierDelegate.h */ = {isa = PBXFileReference; fileEncoding = 4; lastKnownFileType = sourcecode.c.h; path = HTNotifierDelegate.h; sourceTree = "<group>"; };
		3BA58925137C871300D9C544 /* nl-BE */ = {isa = PBXFileReference; lastKnownFileType = text.plist.strings; name = "nl-BE"; path = "nl-BE.lproj/HTNotifier.strings"; sourceTree = "<group>"; };
		3BA58926137C871300D9C544 /* nl-NL */ = {isa = PBXFileReference; lastKnownFileType = text.plist.strings; name = "nl-NL"; path = "nl-NL.lproj/HTNotifier.strings"; sourceTree = "<group>"; };
		3BA58927137C871300D9C544 /* ro */ = {isa = PBXFileReference; lastKnownFileType = text.plist.strings; name = ro; path = ro.lproj/HTNotifier.strings; sourceTree = "<group>"; };
		3BA58928137C871300D9C544 /* ru */ = {isa = PBXFileReference; lastKnownFileType = text.plist.strings; name = ru; path = ru.lproj/HTNotifier.strings; sourceTree = "<group>"; };
/* End PBXFileReference section */

/* Begin PBXFrameworksBuildPhase section */
		3B2E0B42137A11E0009B558C /* Frameworks */ = {
			isa = PBXFrameworksBuildPhase;
			buildActionMask = 2147483647;
			files = (
				3B2E0C50137B3697009B558C /* libicucore.dylib in Frameworks */,
				3B2E0BD2137A16F1009B558C /* SystemConfiguration.framework in Frameworks */,
				3B2E0BD0137A16B7009B558C /* libxml2.dylib in Frameworks */,
				3B2E0B95137A1670009B558C /* Cocoa.framework in Frameworks */,
			);
			runOnlyForDeploymentPostprocessing = 0;
		};
		3B2E0B63137A11F8009B558C /* Frameworks */ = {
			isa = PBXFrameworksBuildPhase;
			buildActionMask = 2147483647;
			files = (
				3B2E0C52137B36A4009B558C /* libicucore.dylib in Frameworks */,
				3B2E0BD4137A1718009B558C /* libxml2.dylib in Frameworks */,
				3B2E0B93137A1656009B558C /* Foundation.framework in Frameworks */,
				3B2E0B91137A1640009B558C /* CoreGraphics.framework in Frameworks */,
				3B2E0B8F137A1632009B558C /* UIKit.framework in Frameworks */,
				3B2E0B8D137A162C009B558C /* SystemConfiguration.framework in Frameworks */,
			);
			runOnlyForDeploymentPostprocessing = 0;
		};
/* End PBXFrameworksBuildPhase section */

/* Begin PBXGroup section */
		3B2E0B18137A11B1009B558C = {
			isa = PBXGroup;
			children = (
				3B2E0B4D137A11E1009B558C /* Hoptoad Mac */,
				3B2E0B6B137A11F9009B558C /* Hoptoad iOS */,
				3BA58914137C871300D9C544 /* hoptoadnotifier */,
				3B2E0C24137A2069009B558C /* kissxml */,
				3B2E0C4A137B365E009B558C /* regexkitlite */,
				3B2E0B24137A11B1009B558C /* Products */,
			);
			sourceTree = "<group>";
		};
		3B2E0B24137A11B1009B558C /* Products */ = {
			isa = PBXGroup;
			children = (
				3B2E0B45137A11E0009B558C /* Hoptoad Mac.app */,
				3B2E0B66137A11F8009B558C /* Hoptoad iOS.app */,
			);
			name = Products;
			sourceTree = "<group>";
		};
		3B2E0B4D137A11E1009B558C /* Hoptoad Mac */ = {
			isa = PBXGroup;
			children = (
				3B2E0B59137A11E1009B558C /* HTSAppDelegate_Mac.h */,
				3B2E0B5A137A11E1009B558C /* HTSAppDelegate_Mac.m */,
				3B2E0B5C137A11E1009B558C /* MainMenu.xib */,
				3B2E0B4E137A11E1009B558C /* Supporting Files */,
				3B2E0BD6137A178D009B558C /* Frameworks */,
			);
			path = "Hoptoad Mac";
			sourceTree = "<group>";
		};
		3B2E0B4E137A11E1009B558C /* Supporting Files */ = {
			isa = PBXGroup;
			children = (
				3B2E0B4F137A11E1009B558C /* Hoptoad Mac-Info.plist */,
				3B2E0B50137A11E1009B558C /* InfoPlist.strings */,
				3B2E0B53137A11E1009B558C /* Hoptoad Mac-Prefix.pch */,
				3B2E0B54137A11E1009B558C /* main.m */,
				3B2E0B56137A11E1009B558C /* Credits.rtf */,
			);
			name = "Supporting Files";
			sourceTree = "<group>";
		};
		3B2E0B6B137A11F9009B558C /* Hoptoad iOS */ = {
			isa = PBXGroup;
			children = (
				3B2E0B74137A11F9009B558C /* HTSAppDelegate_iOS.h */,
				3B2E0B75137A11F9009B558C /* HTSAppDelegate_iOS.m */,
				3B2E0B77137A11F9009B558C /* MainWindow.xib */,
				3B2E0B6D137A11F9009B558C /* Hoptoad iOS-Info.plist */,
				3B2E0B6E137A11F9009B558C /* InfoPlist.strings */,
				3B2E0B71137A11F9009B558C /* Hoptoad iOS-Prefix.pch */,
				3B2E0B72137A11F9009B558C /* main.m */,
				3B2E0BD7137A179C009B558C /* Frameworks */,
			);
			path = "Hoptoad iOS";
			sourceTree = "<group>";
		};
		3B2E0BD6137A178D009B558C /* Frameworks */ = {
			isa = PBXGroup;
			children = (
				3B2E0C4F137B3697009B558C /* libicucore.dylib */,
				3B2E0BD1137A16F1009B558C /* SystemConfiguration.framework */,
				3B2E0BCF137A16B7009B558C /* libxml2.dylib */,
				3B2E0B94137A1670009B558C /* Cocoa.framework */,
			);
			name = Frameworks;
			sourceTree = "<group>";
		};
		3B2E0BD7137A179C009B558C /* Frameworks */ = {
			isa = PBXGroup;
			children = (
				3B2E0C51137B36A4009B558C /* libicucore.dylib */,
				3B2E0BD3137A1718009B558C /* libxml2.dylib */,
				3B2E0B92137A1656009B558C /* Foundation.framework */,
				3B2E0B90137A1640009B558C /* CoreGraphics.framework */,
				3B2E0B8E137A1632009B558C /* UIKit.framework */,
				3B2E0B8C137A162C009B558C /* SystemConfiguration.framework */,
			);
			name = Frameworks;
			sourceTree = "<group>";
		};
		3B2E0C24137A2069009B558C /* kissxml */ = {
			isa = PBXGroup;
			children = (
				3B2E0C25137A2069009B558C /* Additions */,
				3B2E0C28137A2069009B558C /* Categories */,
				3B2E0C2B137A2069009B558C /* DDXML.h */,
				3B2E0C2C137A2069009B558C /* DDXMLDocument.h */,
				3B2E0C2D137A2069009B558C /* DDXMLDocument.m */,
				3B2E0C2E137A2069009B558C /* DDXMLElement.h */,
				3B2E0C2F137A2069009B558C /* DDXMLElement.m */,
				3B2E0C30137A2069009B558C /* DDXMLNode.h */,
				3B2E0C31137A2069009B558C /* DDXMLNode.m */,
				3B2E0C32137A2069009B558C /* Private */,
			);
			path = kissxml;
			sourceTree = "<group>";
		};
		3B2E0C25137A2069009B558C /* Additions */ = {
			isa = PBXGroup;
			children = (
				3B2E0C26137A2069009B558C /* DDXMLElementAdditions.h */,
				3B2E0C27137A2069009B558C /* DDXMLElementAdditions.m */,
			);
			path = Additions;
			sourceTree = "<group>";
		};
		3B2E0C28137A2069009B558C /* Categories */ = {
			isa = PBXGroup;
			children = (
				3B2E0C29137A2069009B558C /* NSString+DDXML.h */,
				3B2E0C2A137A2069009B558C /* NSString+DDXML.m */,
			);
			path = Categories;
			sourceTree = "<group>";
		};
		3B2E0C32137A2069009B558C /* Private */ = {
			isa = PBXGroup;
			children = (
				3B2E0C33137A2069009B558C /* DDXMLPrivate.h */,
			);
			path = Private;
			sourceTree = "<group>";
		};
		3B2E0C4A137B365E009B558C /* regexkitlite */ = {
			isa = PBXGroup;
			children = (
				3B2E0C4B137B365E009B558C /* RegexKitLite.h */,
				3B2E0C4C137B365E009B558C /* RegexKitLite.m */,
			);
			path = regexkitlite;
			sourceTree = "<group>";
		};
		3BA58914137C871300D9C544 /* hoptoadnotifier */ = {
			isa = PBXGroup;
			children = (
				3BA58915137C871300D9C544 /* HTNotifier.strings */,
				3BA5891A137C871300D9C544 /* HTFunctions.h */,
				3BA5891B137C871300D9C544 /* HTFunctions.m */,
				3BA5891C137C871300D9C544 /* HTNotice.h */,
				3BA5891D137C871300D9C544 /* HTNotice.m */,
				3BA5891E137C871300D9C544 /* HTNotifier.h */,
				3BA5891F137C871300D9C544 /* HTNotifier.m */,
				3BA58920137C871300D9C544 /* HTNotifier_iOS.h */,
				3BA58921137C871300D9C544 /* HTNotifier_iOS.m */,
				3BA58922137C871300D9C544 /* HTNotifier_Mac.h */,
				3BA58923137C871300D9C544 /* HTNotifier_Mac.m */,
				3BA58924137C871300D9C544 /* HTNotifierDelegate.h */,
			);
			path = hoptoadnotifier;
			sourceTree = "<group>";
		};
/* End PBXGroup section */

/* Begin PBXNativeTarget section */
		3B2E0B44137A11E0009B558C /* Hoptoad Mac */ = {
			isa = PBXNativeTarget;
			buildConfigurationList = 3B2E0B5F137A11E1009B558C /* Build configuration list for PBXNativeTarget "Hoptoad Mac" */;
			buildPhases = (
				3B2E0B41137A11E0009B558C /* Sources */,
				3B2E0B42137A11E0009B558C /* Frameworks */,
				3B2E0B43137A11E0009B558C /* Resources */,
			);
			buildRules = (
			);
			dependencies = (
			);
			name = "Hoptoad Mac";
			productName = "Hoptoad Mac";
			productReference = 3B2E0B45137A11E0009B558C /* Hoptoad Mac.app */;
			productType = "com.apple.product-type.application";
		};
		3B2E0B65137A11F8009B558C /* Hoptoad iOS */ = {
			isa = PBXNativeTarget;
			buildConfigurationList = 3B2E0B7A137A11F9009B558C /* Build configuration list for PBXNativeTarget "Hoptoad iOS" */;
			buildPhases = (
				3B2E0B62137A11F8009B558C /* Sources */,
				3B2E0B63137A11F8009B558C /* Frameworks */,
				3B2E0B64137A11F8009B558C /* Resources */,
			);
			buildRules = (
			);
			dependencies = (
			);
			name = "Hoptoad iOS";
			productName = "Hoptoad iOS";
			productReference = 3B2E0B66137A11F8009B558C /* Hoptoad iOS.app */;
			productType = "com.apple.product-type.application";
		};
/* End PBXNativeTarget section */

/* Begin PBXProject section */
		3B2E0B1A137A11B1009B558C /* Project object */ = {
			isa = PBXProject;
			attributes = {
				ORGANIZATIONNAME = "GUI Cocoa, LLC.";
			};
			buildConfigurationList = 3B2E0B1D137A11B1009B558C /* Build configuration list for PBXProject "Hoptoad Sample" */;
			compatibilityVersion = "Xcode 3.2";
			developmentRegion = English;
			hasScannedForEncodings = 0;
			knownRegions = (
				en,
				de,
				es,
				fr,
				ro,
				ru,
				"nl-BE",
				"nl-NL",
			);
			mainGroup = 3B2E0B18137A11B1009B558C;
			productRefGroup = 3B2E0B24137A11B1009B558C /* Products */;
			projectDirPath = "";
			projectRoot = "";
			targets = (
				3B2E0B44137A11E0009B558C /* Hoptoad Mac */,
				3B2E0B65137A11F8009B558C /* Hoptoad iOS */,
			);
		};
/* End PBXProject section */

/* Begin PBXResourcesBuildPhase section */
		3B2E0B43137A11E0009B558C /* Resources */ = {
			isa = PBXResourcesBuildPhase;
			buildActionMask = 2147483647;
			files = (
				3B2E0B52137A11E1009B558C /* InfoPlist.strings in Resources */,
				3B2E0B58137A11E1009B558C /* Credits.rtf in Resources */,
				3B2E0B5E137A11E1009B558C /* MainMenu.xib in Resources */,
				3BA58929137C871300D9C544 /* HTNotifier.strings in Resources */,
			);
			runOnlyForDeploymentPostprocessing = 0;
		};
		3B2E0B64137A11F8009B558C /* Resources */ = {
			isa = PBXResourcesBuildPhase;
			buildActionMask = 2147483647;
			files = (
				3B2E0B70137A11F9009B558C /* InfoPlist.strings in Resources */,
				3B2E0B79137A11F9009B558C /* MainWindow.xib in Resources */,
				3BA5892A137C871300D9C544 /* HTNotifier.strings in Resources */,
			);
			runOnlyForDeploymentPostprocessing = 0;
		};
/* End PBXResourcesBuildPhase section */

/* Begin PBXSourcesBuildPhase section */
		3B2E0B41137A11E0009B558C /* Sources */ = {
			isa = PBXSourcesBuildPhase;
			buildActionMask = 2147483647;
			files = (
				3B2E0B55137A11E1009B558C /* main.m in Sources */,
				3B2E0B5B137A11E1009B558C /* HTSAppDelegate_Mac.m in Sources */,
				3B2E0C40137A2069009B558C /* DDXMLElementAdditions.m in Sources */,
				3B2E0C42137A2069009B558C /* NSString+DDXML.m in Sources */,
				3B2E0C44137A2069009B558C /* DDXMLDocument.m in Sources */,
				3B2E0C46137A2069009B558C /* DDXMLElement.m in Sources */,
				3B2E0C48137A2069009B558C /* DDXMLNode.m in Sources */,
				3B2E0C4D137B365E009B558C /* RegexKitLite.m in Sources */,
				3BA5892B137C871300D9C544 /* HTFunctions.m in Sources */,
				3BA5892D137C871300D9C544 /* HTNotice.m in Sources */,
				3BA5892F137C871300D9C544 /* HTNotifier.m in Sources */,
				3BA58931137C871300D9C544 /* HTNotifier_iOS.m in Sources */,
				3BA58933137C871300D9C544 /* HTNotifier_Mac.m in Sources */,
			);
			runOnlyForDeploymentPostprocessing = 0;
		};
		3B2E0B62137A11F8009B558C /* Sources */ = {
			isa = PBXSourcesBuildPhase;
			buildActionMask = 2147483647;
			files = (
				3B2E0B73137A11F9009B558C /* main.m in Sources */,
				3B2E0B76137A11F9009B558C /* HTSAppDelegate_iOS.m in Sources */,
				3B2E0C41137A2069009B558C /* DDXMLElementAdditions.m in Sources */,
				3B2E0C43137A2069009B558C /* NSString+DDXML.m in Sources */,
				3B2E0C45137A2069009B558C /* DDXMLDocument.m in Sources */,
				3B2E0C47137A2069009B558C /* DDXMLElement.m in Sources */,
				3B2E0C49137A2069009B558C /* DDXMLNode.m in Sources */,
				3B2E0C4E137B365E009B558C /* RegexKitLite.m in Sources */,
				3BA5892C137C871300D9C544 /* HTFunctions.m in Sources */,
				3BA5892E137C871300D9C544 /* HTNotice.m in Sources */,
				3BA58930137C871300D9C544 /* HTNotifier.m in Sources */,
				3BA58932137C871300D9C544 /* HTNotifier_iOS.m in Sources */,
				3BA58934137C871300D9C544 /* HTNotifier_Mac.m in Sources */,
			);
			runOnlyForDeploymentPostprocessing = 0;
		};
/* End PBXSourcesBuildPhase section */

/* Begin PBXVariantGroup section */
		3B2E0B50137A11E1009B558C /* InfoPlist.strings */ = {
			isa = PBXVariantGroup;
			children = (
				3B2E0B51137A11E1009B558C /* en */,
			);
			name = InfoPlist.strings;
			sourceTree = "<group>";
		};
		3B2E0B56137A11E1009B558C /* Credits.rtf */ = {
			isa = PBXVariantGroup;
			children = (
				3B2E0B57137A11E1009B558C /* en */,
			);
			name = Credits.rtf;
			sourceTree = "<group>";
		};
		3B2E0B5C137A11E1009B558C /* MainMenu.xib */ = {
			isa = PBXVariantGroup;
			children = (
				3B2E0B5D137A11E1009B558C /* en */,
			);
			name = MainMenu.xib;
			sourceTree = "<group>";
		};
		3B2E0B6E137A11F9009B558C /* InfoPlist.strings */ = {
			isa = PBXVariantGroup;
			children = (
				3B2E0B6F137A11F9009B558C /* en */,
			);
			name = InfoPlist.strings;
			sourceTree = "<group>";
		};
		3B2E0B77137A11F9009B558C /* MainWindow.xib */ = {
			isa = PBXVariantGroup;
			children = (
				3B2E0B78137A11F9009B558C /* en */,
			);
			name = MainWindow.xib;
			sourceTree = "<group>";
		};
		3BA58915137C871300D9C544 /* HTNotifier.strings */ = {
			isa = PBXVariantGroup;
			children = (
				3BA58916137C871300D9C544 /* de */,
				3BA58917137C871300D9C544 /* en */,
				3BA58918137C871300D9C544 /* es */,
				3BA58919137C871300D9C544 /* fr */,
				3BA58925137C871300D9C544 /* nl-BE */,
				3BA58926137C871300D9C544 /* nl-NL */,
				3BA58927137C871300D9C544 /* ro */,
				3BA58928137C871300D9C544 /* ru */,
			);
			name = HTNotifier.strings;
			sourceTree = "<group>";
		};
/* End PBXVariantGroup section */

/* Begin XCBuildConfiguration section */
		3B2E0B3C137A11B1009B558C /* Debug */ = {
			isa = XCBuildConfiguration;
			buildSettings = {
				GCC_C_LANGUAGE_STANDARD = gnu99;
				GCC_OPTIMIZATION_LEVEL = 0;
				GCC_PREPROCESSOR_DEFINITIONS = DEBUG;
				GCC_VERSION = com.apple.compilers.llvm.clang.1_0;
				GCC_WARN_ABOUT_RETURN_TYPE = YES;
				GCC_WARN_UNUSED_VARIABLE = YES;
				HEADER_SEARCH_PATHS = /usr/include/libxml2;
				ONLY_ACTIVE_ARCH = YES;
			};
			name = Debug;
		};
		3B2E0B3D137A11B1009B558C /* Release */ = {
			isa = XCBuildConfiguration;
			buildSettings = {
				GCC_C_LANGUAGE_STANDARD = gnu99;
				GCC_VERSION = com.apple.compilers.llvm.clang.1_0;
				GCC_WARN_ABOUT_RETURN_TYPE = YES;
				GCC_WARN_UNUSED_VARIABLE = YES;
				HEADER_SEARCH_PATHS = /usr/include/libxml2;
				OTHER_CFLAGS = "-DNS_BLOCK_ASSERTIONS=1";
			};
			name = Release;
		};
		3B2E0B60137A11E1009B558C /* Debug */ = {
			isa = XCBuildConfiguration;
			buildSettings = {
				ALWAYS_SEARCH_USER_PATHS = NO;
				ARCHS = "$(ARCHS_STANDARD_32_64_BIT)";
				COPY_PHASE_STRIP = NO;
				GCC_DYNAMIC_NO_PIC = NO;
				GCC_ENABLE_OBJC_EXCEPTIONS = YES;
				GCC_PRECOMPILE_PREFIX_HEADER = YES;
				GCC_PREFIX_HEADER = "Hoptoad Mac/Hoptoad Mac-Prefix.pch";
				GCC_WARN_64_TO_32_BIT_CONVERSION = YES;
				INFOPLIST_FILE = "Hoptoad Mac/Hoptoad Mac-Info.plist";
				PRODUCT_NAME = "$(TARGET_NAME)";
				SDKROOT = macosx;
				WRAPPER_EXTENSION = app;
			};
			name = Debug;
		};
		3B2E0B61137A11E1009B558C /* Release */ = {
			isa = XCBuildConfiguration;
			buildSettings = {
				ALWAYS_SEARCH_USER_PATHS = NO;
				ARCHS = "$(ARCHS_STANDARD_32_64_BIT)";
				COPY_PHASE_STRIP = NO;
				DEBUG_INFORMATION_FORMAT = "dwarf-with-dsym";
				GCC_ENABLE_OBJC_EXCEPTIONS = YES;
				GCC_PRECOMPILE_PREFIX_HEADER = YES;
				GCC_PREFIX_HEADER = "Hoptoad Mac/Hoptoad Mac-Prefix.pch";
				GCC_WARN_64_TO_32_BIT_CONVERSION = YES;
				INFOPLIST_FILE = "Hoptoad Mac/Hoptoad Mac-Info.plist";
				PRODUCT_NAME = "$(TARGET_NAME)";
				SDKROOT = macosx;
				WRAPPER_EXTENSION = app;
			};
			name = Release;
		};
		3B2E0B7B137A11F9009B558C /* Debug */ = {
			isa = XCBuildConfiguration;
			buildSettings = {
				ALWAYS_SEARCH_USER_PATHS = NO;
				ARCHS = "$(ARCHS_STANDARD_32_BIT)";
				CODE_SIGN_IDENTITY = "iPhone Developer";
				COPY_PHASE_STRIP = NO;
				GCC_DYNAMIC_NO_PIC = NO;
				GCC_PRECOMPILE_PREFIX_HEADER = YES;
				GCC_PREFIX_HEADER = "Hoptoad iOS/Hoptoad iOS-Prefix.pch";
				INFOPLIST_FILE = "Hoptoad iOS/Hoptoad iOS-Info.plist";
				IPHONEOS_DEPLOYMENT_TARGET = 3.0;
				PRODUCT_NAME = "$(TARGET_NAME)";
				PROVISIONING_PROFILE = "";
				SDKROOT = iphoneos;
				WRAPPER_EXTENSION = app;
			};
			name = Debug;
		};
		3B2E0B7C137A11F9009B558C /* Release */ = {
			isa = XCBuildConfiguration;
			buildSettings = {
				ALWAYS_SEARCH_USER_PATHS = NO;
				ARCHS = "$(ARCHS_STANDARD_32_BIT)";
				CODE_SIGN_IDENTITY = "iPhone Distribution";
				COPY_PHASE_STRIP = NO;
				GCC_PRECOMPILE_PREFIX_HEADER = YES;
				GCC_PREFIX_HEADER = "Hoptoad iOS/Hoptoad iOS-Prefix.pch";
				INFOPLIST_FILE = "Hoptoad iOS/Hoptoad iOS-Info.plist";
				IPHONEOS_DEPLOYMENT_TARGET = 3.0;
				PRODUCT_NAME = "$(TARGET_NAME)";
				PROVISIONING_PROFILE = "";
				SDKROOT = iphoneos;
				VALIDATE_PRODUCT = YES;
				WRAPPER_EXTENSION = app;
			};
			name = Release;
		};
/* End XCBuildConfiguration section */

/* Begin XCConfigurationList section */
		3B2E0B1D137A11B1009B558C /* Build configuration list for PBXProject "Hoptoad Sample" */ = {
			isa = XCConfigurationList;
			buildConfigurations = (
				3B2E0B3C137A11B1009B558C /* Debug */,
				3B2E0B3D137A11B1009B558C /* Release */,
			);
			defaultConfigurationIsVisible = 0;
			defaultConfigurationName = Debug;
		};
		3B2E0B5F137A11E1009B558C /* Build configuration list for PBXNativeTarget "Hoptoad Mac" */ = {
			isa = XCConfigurationList;
			buildConfigurations = (
				3B2E0B60137A11E1009B558C /* Debug */,
				3B2E0B61137A11E1009B558C /* Release */,
			);
			defaultConfigurationIsVisible = 0;
			defaultConfigurationName = Debug;
		};
		3B2E0B7A137A11F9009B558C /* Build configuration list for PBXNativeTarget "Hoptoad iOS" */ = {
			isa = XCConfigurationList;
			buildConfigurations = (
				3B2E0B7B137A11F9009B558C /* Debug */,
				3B2E0B7C137A11F9009B558C /* Release */,
			);
			defaultConfigurationIsVisible = 0;
			defaultConfigurationName = Debug;
		};
/* End XCConfigurationList section */
	};
	rootObject = 3B2E0B1A137A11B1009B558C /* Project object */;
}
