// !$*UTF8*$!
{
	archiveVersion = 1;
	classes = {
	};
	objectVersion = 46;
	objects = {

/* Begin PBXBuildFile section */
		3B2E0B52137A11E1009B558C /* InfoPlist.strings in Resources */ = {isa = PBXBuildFile; fileRef = 3B2E0B50137A11E1009B558C /* InfoPlist.strings */; };
		3B2E0B55137A11E1009B558C /* main.m in Sources */ = {isa = PBXBuildFile; fileRef = 3B2E0B54137A11E1009B558C /* main.m */; };
		3B2E0B58137A11E1009B558C /* Credits.rtf in Resources */ = {isa = PBXBuildFile; fileRef = 3B2E0B56137A11E1009B558C /* Credits.rtf */; };
		3B2E0B5B137A11E1009B558C /* HTSAppDelegate_Mac.m in Sources */ = {isa = PBXBuildFile; fileRef = 3B2E0B5A137A11E1009B558C /* HTSAppDelegate_Mac.m */; };
		3B2E0B5E137A11E1009B558C /* MainMenu.xib in Resources */ = {isa = PBXBuildFile; fileRef = 3B2E0B5C137A11E1009B558C /* MainMenu.xib */; };
		3B2E0B70137A11F9009B558C /* InfoPlist.strings in Resources */ = {isa = PBXBuildFile; fileRef = 3B2E0B6E137A11F9009B558C /* InfoPlist.strings */; };
		3B2E0B73137A11F9009B558C /* main.m in Sources */ = {isa = PBXBuildFile; fileRef = 3B2E0B72137A11F9009B558C /* main.m */; };
		3B2E0B76137A11F9009B558C /* HTSAppDelegate_iOS.m in Sources */ = {isa = PBXBuildFile; fileRef = 3B2E0B75137A11F9009B558C /* HTSAppDelegate_iOS.m */; };
		3B2E0B79137A11F9009B558C /* MainWindow.xib in Resources */ = {isa = PBXBuildFile; fileRef = 3B2E0B77137A11F9009B558C /* MainWindow.xib */; };
		3B2E0B95137A1670009B558C /* Cocoa.framework in Frameworks */ = {isa = PBXBuildFile; fileRef = 3B2E0B94137A1670009B558C /* Cocoa.framework */; };
		3B2E0BD0137A16B7009B558C /* libxml2.dylib in Frameworks */ = {isa = PBXBuildFile; fileRef = 3B2E0BCF137A16B7009B558C /* libxml2.dylib */; };
		3B2E0BD2137A16F1009B558C /* SystemConfiguration.framework in Frameworks */ = {isa = PBXBuildFile; fileRef = 3B2E0BD1137A16F1009B558C /* SystemConfiguration.framework */; };
		3B2E0C50137B3697009B558C /* libicucore.dylib in Frameworks */ = {isa = PBXBuildFile; fileRef = 3B2E0C4F137B3697009B558C /* libicucore.dylib */; };
		3B7A06B413FEFD2E007E8CCF /* GCAlertView.m in Sources */ = {isa = PBXBuildFile; fileRef = 3B7A068D13FEFD2E007E8CCF /* GCAlertView.m */; };
		3B7A06B513FEFD2E007E8CCF /* GCAlertView.m in Sources */ = {isa = PBXBuildFile; fileRef = 3B7A068D13FEFD2E007E8CCF /* GCAlertView.m */; };
		3B7A06C213FEFD2E007E8CCF /* ABNotifierFunctions.m in Sources */ = {isa = PBXBuildFile; fileRef = 3B7A06A513FEFD2E007E8CCF /* ABNotifierFunctions.m */; };
		3B7A06C313FEFD2E007E8CCF /* ABNotifierFunctions.m in Sources */ = {isa = PBXBuildFile; fileRef = 3B7A06A513FEFD2E007E8CCF /* ABNotifierFunctions.m */; };
		3B7A06C413FEFD2E007E8CCF /* ABNotice.m in Sources */ = {isa = PBXBuildFile; fileRef = 3B7A06A713FEFD2E007E8CCF /* ABNotice.m */; };
		3B7A06C513FEFD2E007E8CCF /* ABNotice.m in Sources */ = {isa = PBXBuildFile; fileRef = 3B7A06A713FEFD2E007E8CCF /* ABNotice.m */; };
		3B7A06C613FEFD2E007E8CCF /* ABNotifier.m in Sources */ = {isa = PBXBuildFile; fileRef = 3B7A06A913FEFD2E007E8CCF /* ABNotifier.m */; };
		3B7A06C713FEFD2E007E8CCF /* ABNotifier.m in Sources */ = {isa = PBXBuildFile; fileRef = 3B7A06A913FEFD2E007E8CCF /* ABNotifier.m */; };
		564B67EA152E090200753DF9 /* ABNotifier.bundle in Resources */ = {isa = PBXBuildFile; fileRef = 564B67E9152E090200753DF9 /* ABNotifier.bundle */; };
		564B67EB152E090200753DF9 /* ABNotifier.bundle in Resources */ = {isa = PBXBuildFile; fileRef = 564B67E9152E090200753DF9 /* ABNotifier.bundle */; };
		5D0DD3D118AEE2BF00650AA1 /* CrashReporter.framework in Frameworks */ = {isa = PBXBuildFile; fileRef = 5D0DD3D018AEE2BF00650AA1 /* CrashReporter.framework */; };
		5D0DD3D618B7266A00650AA1 /* Default-568h@2x.png in Resources */ = {isa = PBXBuildFile; fileRef = 5D0DD3D518B7266A00650AA1 /* Default-568h@2x.png */; };
		5D20F2B61886613200F8D6FE /* SystemConfiguration.framework in Frameworks */ = {isa = PBXBuildFile; fileRef = 5D20F2B51886613200F8D6FE /* SystemConfiguration.framework */; };
		5D20F2B81886613900F8D6FE /* UIKit.framework in Frameworks */ = {isa = PBXBuildFile; fileRef = 5D20F2B71886613900F8D6FE /* UIKit.framework */; };
		5D20F2BA1886613F00F8D6FE /* Foundation.framework in Frameworks */ = {isa = PBXBuildFile; fileRef = 5D20F2B91886613F00F8D6FE /* Foundation.framework */; };
		5D20F2BC1886614800F8D6FE /* CoreGraphics.framework in Frameworks */ = {isa = PBXBuildFile; fileRef = 5D20F2BB1886614800F8D6FE /* CoreGraphics.framework */; };
		5D20F2BE1886617100F8D6FE /* libicucore.dylib in Frameworks */ = {isa = PBXBuildFile; fileRef = 5D20F2BD1886617100F8D6FE /* libicucore.dylib */; };
/* End PBXBuildFile section */

/* Begin PBXFileReference section */
		3B2E0B45137A11E0009B558C /* Hoptoad Mac.app */ = {isa = PBXFileReference; explicitFileType = wrapper.application; includeInIndex = 0; path = "Hoptoad Mac.app"; sourceTree = BUILT_PRODUCTS_DIR; };
		3B2E0B4F137A11E1009B558C /* Hoptoad Mac-Info.plist */ = {isa = PBXFileReference; lastKnownFileType = text.plist.xml; path = "Hoptoad Mac-Info.plist"; sourceTree = "<group>"; };
		3B2E0B51137A11E1009B558C /* en */ = {isa = PBXFileReference; lastKnownFileType = text.plist.strings; name = en; path = en.lproj/InfoPlist.strings; sourceTree = "<group>"; };
		3B2E0B53137A11E1009B558C /* Hoptoad Mac-Prefix.pch */ = {isa = PBXFileReference; lastKnownFileType = sourcecode.c.h; path = "Hoptoad Mac-Prefix.pch"; sourceTree = "<group>"; };
		3B2E0B54137A11E1009B558C /* main.m */ = {isa = PBXFileReference; lastKnownFileType = sourcecode.c.objc; path = main.m; sourceTree = "<group>"; };
		3B2E0B57137A11E1009B558C /* en */ = {isa = PBXFileReference; lastKnownFileType = text.rtf; name = en; path = en.lproj/Credits.rtf; sourceTree = "<group>"; };
		3B2E0B59137A11E1009B558C /* HTSAppDelegate_Mac.h */ = {isa = PBXFileReference; lastKnownFileType = sourcecode.c.h; path = HTSAppDelegate_Mac.h; sourceTree = "<group>"; };
		3B2E0B5A137A11E1009B558C /* HTSAppDelegate_Mac.m */ = {isa = PBXFileReference; lastKnownFileType = sourcecode.c.objc; path = HTSAppDelegate_Mac.m; sourceTree = "<group>"; };
		3B2E0B5D137A11E1009B558C /* en */ = {isa = PBXFileReference; lastKnownFileType = file.xib; name = en; path = en.lproj/MainMenu.xib; sourceTree = "<group>"; };
		3B2E0B66137A11F8009B558C /* iOSABNotifier.app */ = {isa = PBXFileReference; explicitFileType = wrapper.application; includeInIndex = 0; path = iOSABNotifier.app; sourceTree = BUILT_PRODUCTS_DIR; };
		3B2E0B6D137A11F9009B558C /* Hoptoad iOS-Info.plist */ = {isa = PBXFileReference; lastKnownFileType = text.plist.xml; path = "Hoptoad iOS-Info.plist"; sourceTree = "<group>"; };
		3B2E0B6F137A11F9009B558C /* en */ = {isa = PBXFileReference; lastKnownFileType = text.plist.strings; name = en; path = en.lproj/InfoPlist.strings; sourceTree = "<group>"; };
		3B2E0B71137A11F9009B558C /* Hoptoad iOS-Prefix.pch */ = {isa = PBXFileReference; lastKnownFileType = sourcecode.c.h; path = "Hoptoad iOS-Prefix.pch"; sourceTree = "<group>"; };
		3B2E0B72137A11F9009B558C /* main.m */ = {isa = PBXFileReference; lastKnownFileType = sourcecode.c.objc; path = main.m; sourceTree = "<group>"; };
		3B2E0B74137A11F9009B558C /* HTSAppDelegate_iOS.h */ = {isa = PBXFileReference; lastKnownFileType = sourcecode.c.h; path = HTSAppDelegate_iOS.h; sourceTree = "<group>"; };
		3B2E0B75137A11F9009B558C /* HTSAppDelegate_iOS.m */ = {isa = PBXFileReference; lastKnownFileType = sourcecode.c.objc; path = HTSAppDelegate_iOS.m; sourceTree = "<group>"; };
		3B2E0B78137A11F9009B558C /* en */ = {isa = PBXFileReference; lastKnownFileType = file.xib; name = en; path = en.lproj/MainWindow.xib; sourceTree = "<group>"; };
		3B2E0B94137A1670009B558C /* Cocoa.framework */ = {isa = PBXFileReference; lastKnownFileType = wrapper.framework; name = Cocoa.framework; path = SDKs/MacOSX10.6.sdk/System/Library/Frameworks/Cocoa.framework; sourceTree = DEVELOPER_DIR; };
		3B2E0BCF137A16B7009B558C /* libxml2.dylib */ = {isa = PBXFileReference; lastKnownFileType = "compiled.mach-o.dylib"; name = libxml2.dylib; path = SDKs/MacOSX10.6.sdk/usr/lib/libxml2.dylib; sourceTree = DEVELOPER_DIR; };
		3B2E0BD1137A16F1009B558C /* SystemConfiguration.framework */ = {isa = PBXFileReference; lastKnownFileType = wrapper.framework; name = SystemConfiguration.framework; path = SDKs/MacOSX10.6.sdk/System/Library/Frameworks/SystemConfiguration.framework; sourceTree = DEVELOPER_DIR; };
		3B2E0C4F137B3697009B558C /* libicucore.dylib */ = {isa = PBXFileReference; lastKnownFileType = "compiled.mach-o.dylib"; name = libicucore.dylib; path = SDKs/MacOSX10.6.sdk/usr/lib/libicucore.dylib; sourceTree = DEVELOPER_DIR; };
		3B7A068C13FEFD2E007E8CCF /* GCAlertView.h */ = {isa = PBXFileReference; fileEncoding = 4; lastKnownFileType = sourcecode.c.h; path = GCAlertView.h; sourceTree = "<group>"; };
		3B7A068D13FEFD2E007E8CCF /* GCAlertView.m */ = {isa = PBXFileReference; fileEncoding = 4; lastKnownFileType = sourcecode.c.objc; path = GCAlertView.m; sourceTree = "<group>"; };
		3B7A06A413FEFD2E007E8CCF /* ABNotifierFunctions.h */ = {isa = PBXFileReference; fileEncoding = 4; lastKnownFileType = sourcecode.c.h; path = ABNotifierFunctions.h; sourceTree = "<group>"; };
		3B7A06A513FEFD2E007E8CCF /* ABNotifierFunctions.m */ = {isa = PBXFileReference; fileEncoding = 4; lastKnownFileType = sourcecode.c.objc; path = ABNotifierFunctions.m; sourceTree = "<group>"; };
		3B7A06A613FEFD2E007E8CCF /* ABNotice.h */ = {isa = PBXFileReference; fileEncoding = 4; lastKnownFileType = sourcecode.c.h; path = ABNotice.h; sourceTree = "<group>"; };
		3B7A06A713FEFD2E007E8CCF /* ABNotice.m */ = {isa = PBXFileReference; fileEncoding = 4; lastKnownFileType = sourcecode.c.objc; path = ABNotice.m; sourceTree = "<group>"; };
		3B7A06A813FEFD2E007E8CCF /* ABNotifier.h */ = {isa = PBXFileReference; fileEncoding = 4; lastKnownFileType = sourcecode.c.h; path = ABNotifier.h; sourceTree = "<group>"; };
		3B7A06A913FEFD2E007E8CCF /* ABNotifier.m */ = {isa = PBXFileReference; fileEncoding = 4; lastKnownFileType = sourcecode.c.objc; path = ABNotifier.m; sourceTree = "<group>"; };
		3B7A06AA13FEFD2E007E8CCF /* ABNotifierDelegate.h */ = {isa = PBXFileReference; fileEncoding = 4; lastKnownFileType = sourcecode.c.h; path = ABNotifierDelegate.h; sourceTree = "<group>"; };
		3BCEC490142CD54B00AAD825 /* CHANGELOG.md */ = {isa = PBXFileReference; lastKnownFileType = text; name = CHANGELOG.md; path = ../CHANGELOG.md; sourceTree = "<group>"; };
		3BCEC491142CD54B00AAD825 /* INSTALLATION.html */ = {isa = PBXFileReference; lastKnownFileType = text.html; name = INSTALLATION.html; path = ../INSTALLATION.html; sourceTree = "<group>"; };
		3BCEC492142CD54B00AAD825 /* README.md */ = {isa = PBXFileReference; lastKnownFileType = text; name = README.md; path = ../README.md; sourceTree = "<group>"; wrapsLines = 1; };
		564B67E9152E090200753DF9 /* ABNotifier.bundle */ = {isa = PBXFileReference; lastKnownFileType = "wrapper.plug-in"; path = ABNotifier.bundle; sourceTree = "<group>"; };
		5D0DD3D018AEE2BF00650AA1 /* CrashReporter.framework */ = {isa = PBXFileReference; lastKnownFileType = wrapper.framework; path = CrashReporter.framework; sourceTree = "<group>"; };
		5D0DD3D518B7266A00650AA1 /* Default-568h@2x.png */ = {isa = PBXFileReference; lastKnownFileType = image.png; name = "Default-568h@2x.png"; path = "../Default-568h@2x.png"; sourceTree = "<group>"; };
		5D20F2B51886613200F8D6FE /* SystemConfiguration.framework */ = {isa = PBXFileReference; lastKnownFileType = wrapper.framework; name = SystemConfiguration.framework; path = Platforms/iPhoneOS.platform/Developer/SDKs/iPhoneOS7.0.sdk/System/Library/Frameworks/SystemConfiguration.framework; sourceTree = DEVELOPER_DIR; };
		5D20F2B71886613900F8D6FE /* UIKit.framework */ = {isa = PBXFileReference; lastKnownFileType = wrapper.framework; name = UIKit.framework; path = Platforms/iPhoneOS.platform/Developer/SDKs/iPhoneOS7.0.sdk/System/Library/Frameworks/UIKit.framework; sourceTree = DEVELOPER_DIR; };
		5D20F2B91886613F00F8D6FE /* Foundation.framework */ = {isa = PBXFileReference; lastKnownFileType = wrapper.framework; name = Foundation.framework; path = Platforms/iPhoneOS.platform/Developer/SDKs/iPhoneOS7.0.sdk/System/Library/Frameworks/Foundation.framework; sourceTree = DEVELOPER_DIR; };
		5D20F2BB1886614800F8D6FE /* CoreGraphics.framework */ = {isa = PBXFileReference; lastKnownFileType = wrapper.framework; name = CoreGraphics.framework; path = Platforms/iPhoneOS.platform/Developer/SDKs/iPhoneOS7.0.sdk/System/Library/Frameworks/CoreGraphics.framework; sourceTree = DEVELOPER_DIR; };
		5D20F2BD1886617100F8D6FE /* libicucore.dylib */ = {isa = PBXFileReference; lastKnownFileType = "compiled.mach-o.dylib"; name = libicucore.dylib; path = Platforms/iPhoneOS.platform/Developer/SDKs/iPhoneOS7.0.sdk/usr/lib/libicucore.dylib; sourceTree = DEVELOPER_DIR; };
/* End PBXFileReference section */

/* Begin PBXFrameworksBuildPhase section */
		3B2E0B42137A11E0009B558C /* Frameworks */ = {
			isa = PBXFrameworksBuildPhase;
			buildActionMask = 2147483647;
			files = (
				5D0DD3D118AEE2BF00650AA1 /* CrashReporter.framework in Frameworks */,
				3B2E0C50137B3697009B558C /* libicucore.dylib in Frameworks */,
				3B2E0BD2137A16F1009B558C /* SystemConfiguration.framework in Frameworks */,
				3B2E0BD0137A16B7009B558C /* libxml2.dylib in Frameworks */,
				3B2E0B95137A1670009B558C /* Cocoa.framework in Frameworks */,
			);
			runOnlyForDeploymentPostprocessing = 0;
		};
		3B2E0B63137A11F8009B558C /* Frameworks */ = {
			isa = PBXFrameworksBuildPhase;
			buildActionMask = 2147483647;
			files = (
				5D20F2BE1886617100F8D6FE /* libicucore.dylib in Frameworks */,
				5D20F2BC1886614800F8D6FE /* CoreGraphics.framework in Frameworks */,
				5D20F2BA1886613F00F8D6FE /* Foundation.framework in Frameworks */,
				5D20F2B81886613900F8D6FE /* UIKit.framework in Frameworks */,
				5D20F2B61886613200F8D6FE /* SystemConfiguration.framework in Frameworks */,
			);
			runOnlyForDeploymentPostprocessing = 0;
		};
/* End PBXFrameworksBuildPhase section */

/* Begin PBXGroup section */
		3B2E0B18137A11B1009B558C = {
			isa = PBXGroup;
			children = (
				3BCEC490142CD54B00AAD825 /* CHANGELOG.md */,
				3BCEC491142CD54B00AAD825 /* INSTALLATION.html */,
				3BCEC492142CD54B00AAD825 /* README.md */,
				3B7A068813FEFD2E007E8CCF /* Airbrake */,
				3B2E0B4D137A11E1009B558C /* Airbrake Mac */,
				3B2E0B6B137A11F9009B558C /* Airbrake iOS */,
				3B2E0B24137A11B1009B558C /* Products */,
			);
			sourceTree = "<group>";
		};
		3B2E0B24137A11B1009B558C /* Products */ = {
			isa = PBXGroup;
			children = (
				3B2E0B45137A11E0009B558C /* Hoptoad Mac.app */,
				3B2E0B66137A11F8009B558C /* iOSABNotifier.app */,
			);
			name = Products;
			sourceTree = "<group>";
		};
		3B2E0B4D137A11E1009B558C /* Airbrake Mac */ = {
			isa = PBXGroup;
			children = (
				3B2E0B59137A11E1009B558C /* HTSAppDelegate_Mac.h */,
				3B2E0B5A137A11E1009B558C /* HTSAppDelegate_Mac.m */,
				3B2E0B5C137A11E1009B558C /* MainMenu.xib */,
				3B2E0B4F137A11E1009B558C /* Hoptoad Mac-Info.plist */,
				3B2E0B50137A11E1009B558C /* InfoPlist.strings */,
				3B2E0B53137A11E1009B558C /* Hoptoad Mac-Prefix.pch */,
				3B2E0B54137A11E1009B558C /* main.m */,
				3B2E0B56137A11E1009B558C /* Credits.rtf */,
				3B2E0BD6137A178D009B558C /* Frameworks */,
			);
			name = "Airbrake Mac";
			path = "Hoptoad Mac";
			sourceTree = "<group>";
		};
		3B2E0B6B137A11F9009B558C /* Airbrake iOS */ = {
			isa = PBXGroup;
			children = (
				3B2E0B74137A11F9009B558C /* HTSAppDelegate_iOS.h */,
				3B2E0B75137A11F9009B558C /* HTSAppDelegate_iOS.m */,
				3B2E0B77137A11F9009B558C /* MainWindow.xib */,
				3B2E0B6D137A11F9009B558C /* Hoptoad iOS-Info.plist */,
				3B2E0B6E137A11F9009B558C /* InfoPlist.strings */,
				3B2E0B71137A11F9009B558C /* Hoptoad iOS-Prefix.pch */,
				5D0DD3D518B7266A00650AA1 /* Default-568h@2x.png */,
				3B2E0B72137A11F9009B558C /* main.m */,
				3B2E0BD7137A179C009B558C /* Frameworks */,
			);
			name = "Airbrake iOS";
			path = "Hoptoad iOS";
			sourceTree = "<group>";
		};
		3B2E0BD6137A178D009B558C /* Frameworks */ = {
			isa = PBXGroup;
			children = (
				5D0DD3D018AEE2BF00650AA1 /* CrashReporter.framework */,
				3B2E0C4F137B3697009B558C /* libicucore.dylib */,
				3B2E0BD1137A16F1009B558C /* SystemConfiguration.framework */,
				3B2E0BCF137A16B7009B558C /* libxml2.dylib */,
				3B2E0B94137A1670009B558C /* Cocoa.framework */,
			);
			name = Frameworks;
			sourceTree = "<group>";
		};
		3B2E0BD7137A179C009B558C /* Frameworks */ = {
			isa = PBXGroup;
			children = (
				5D20F2BD1886617100F8D6FE /* libicucore.dylib */,
				5D20F2BB1886614800F8D6FE /* CoreGraphics.framework */,
				5D20F2B91886613F00F8D6FE /* Foundation.framework */,
				5D20F2B71886613900F8D6FE /* UIKit.framework */,
				5D20F2B51886613200F8D6FE /* SystemConfiguration.framework */,
			);
			name = Frameworks;
			sourceTree = "<group>";
		};
		3B7A068813FEFD2E007E8CCF /* Airbrake */ = {
			isa = PBXGroup;
			children = (
				3B7A068913FEFD2E007E8CCF /* gcalertview */,
				3B7A069E13FEFD2E007E8CCF /* notifier */,
			);
			name = Airbrake;
			path = ../Airbrake;
			sourceTree = "<group>";
		};
		3B7A068913FEFD2E007E8CCF /* gcalertview */ = {
			isa = PBXGroup;
			children = (
				3B7A068C13FEFD2E007E8CCF /* GCAlertView.h */,
				3B7A068D13FEFD2E007E8CCF /* GCAlertView.m */,
			);
			path = gcalertview;
			sourceTree = "<group>";
		};
		3B7A069E13FEFD2E007E8CCF /* notifier */ = {
			isa = PBXGroup;
			children = (
				564B67E9152E090200753DF9 /* ABNotifier.bundle */,
				3B7A06A413FEFD2E007E8CCF /* ABNotifierFunctions.h */,
				3B7A06A513FEFD2E007E8CCF /* ABNotifierFunctions.m */,
				3B7A06A613FEFD2E007E8CCF /* ABNotice.h */,
				3B7A06A713FEFD2E007E8CCF /* ABNotice.m */,
				3B7A06A813FEFD2E007E8CCF /* ABNotifier.h */,
				3B7A06A913FEFD2E007E8CCF /* ABNotifier.m */,
				3B7A06AA13FEFD2E007E8CCF /* ABNotifierDelegate.h */,
			);
			path = notifier;
			sourceTree = "<group>";
		};
/* End PBXGroup section */

/* Begin PBXNativeTarget section */
		3B2E0B44137A11E0009B558C /* Hoptoad Mac */ = {
			isa = PBXNativeTarget;
			buildConfigurationList = 3B2E0B5F137A11E1009B558C /* Build configuration list for PBXNativeTarget "Hoptoad Mac" */;
			buildPhases = (
				3B2E0B41137A11E0009B558C /* Sources */,
				3B2E0B42137A11E0009B558C /* Frameworks */,
				3B2E0B43137A11E0009B558C /* Resources */,
				3BFC84DA139C5AD0000D2BB2 /* ShellScript */,
			);
			buildRules = (
			);
			dependencies = (
			);
			name = "Hoptoad Mac";
			productName = "Hoptoad Mac";
			productReference = 3B2E0B45137A11E0009B558C /* Hoptoad Mac.app */;
			productType = "com.apple.product-type.application";
		};
		3B2E0B65137A11F8009B558C /* iOSABNotifier */ = {
			isa = PBXNativeTarget;
			buildConfigurationList = 3B2E0B7A137A11F9009B558C /* Build configuration list for PBXNativeTarget "iOSABNotifier" */;
			buildPhases = (
				3B2E0B62137A11F8009B558C /* Sources */,
				3B2E0B63137A11F8009B558C /* Frameworks */,
				3B2E0B64137A11F8009B558C /* Resources */,
				3BFC84D8139C5AB7000D2BB2 /* ShellScript */,
			);
			buildRules = (
			);
			dependencies = (
			);
			name = iOSABNotifier;
			productName = "Hoptoad iOS";
			productReference = 3B2E0B66137A11F8009B558C /* iOSABNotifier.app */;
			productType = "com.apple.product-type.application";
		};
/* End PBXNativeTarget section */

/* Begin PBXProject section */
		3B2E0B1A137A11B1009B558C /* Project object */ = {
			isa = PBXProject;
			attributes = {
				LastUpgradeCheck = 0500;
				ORGANIZATIONNAME = "";
			};
			buildConfigurationList = 3B2E0B1D137A11B1009B558C /* Build configuration list for PBXProject "Hoptoad Sample" */;
			compatibilityVersion = "Xcode 3.2";
			developmentRegion = English;
			hasScannedForEncodings = 0;
			knownRegions = (
				en,
				de,
				es,
				fr,
				ro,
				ru,
				"nl-BE",
				"nl-NL",
				nl,
				"zh-Hant",
			);
			mainGroup = 3B2E0B18137A11B1009B558C;
			productRefGroup = 3B2E0B24137A11B1009B558C /* Products */;
			projectDirPath = "";
			projectRoot = "";
			targets = (
				3B2E0B44137A11E0009B558C /* Hoptoad Mac */,
				3B2E0B65137A11F8009B558C /* iOSABNotifier */,
			);
		};
/* End PBXProject section */

/* Begin PBXResourcesBuildPhase section */
		3B2E0B43137A11E0009B558C /* Resources */ = {
			isa = PBXResourcesBuildPhase;
			buildActionMask = 2147483647;
			files = (
				3B2E0B52137A11E1009B558C /* InfoPlist.strings in Resources */,
				3B2E0B58137A11E1009B558C /* Credits.rtf in Resources */,
				3B2E0B5E137A11E1009B558C /* MainMenu.xib in Resources */,
				564B67EA152E090200753DF9 /* ABNotifier.bundle in Resources */,
			);
			runOnlyForDeploymentPostprocessing = 0;
		};
		3B2E0B64137A11F8009B558C /* Resources */ = {
			isa = PBXResourcesBuildPhase;
			buildActionMask = 2147483647;
			files = (
				3B2E0B70137A11F9009B558C /* InfoPlist.strings in Resources */,
				5D0DD3D618B7266A00650AA1 /* Default-568h@2x.png in Resources */,
				3B2E0B79137A11F9009B558C /* MainWindow.xib in Resources */,
				564B67EB152E090200753DF9 /* ABNotifier.bundle in Resources */,
			);
			runOnlyForDeploymentPostprocessing = 0;
		};
/* End PBXResourcesBuildPhase section */

/* Begin PBXShellScriptBuildPhase section */
		3BFC84D8139C5AB7000D2BB2 /* ShellScript */ = {
			isa = PBXShellScriptBuildPhase;
			buildActionMask = 2147483647;
			files = (
			);
			inputPaths = (
			);
			outputPaths = (
			);
			runOnlyForDeploymentPostprocessing = 0;
			shellPath = /usr/bin/ruby;
			shellScript = "";
			showEnvVarsInLog = 0;
		};
		3BFC84DA139C5AD0000D2BB2 /* ShellScript */ = {
			isa = PBXShellScriptBuildPhase;
			buildActionMask = 2147483647;
			files = (
			);
			inputPaths = (
			);
			outputPaths = (
			);
			runOnlyForDeploymentPostprocessing = 0;
			shellPath = /usr/bin/ruby;
			shellScript = "#!/usr/bin/ruby\n# xcode-git-cfbundleversion.rb\n# Update CFBundleVersion in Info.plist file with short Git revision string\n# http://github.com/guicocoa/xcode-git-cfbundleversion/\n#\n# This is based on\n# http://github.com/digdog/xcode-git-cfbundleversion/\n# http://github.com/jsallis/xcode-git-versioner\n# http://github.com/juretta/iphone-project-tools/tree/v1.0.3\n\nrequire 'rubygems'\nbegin\nrequire 'Plist'\nrescue LoadError => e\nputs \"You need to install the 'Plist' gem: [sudo] gem install plist\"\nexit 1\nend\n\nraise \"Must be run from Xcode\" unless ENV['XCODE_VERSION_ACTUAL']\n\nGIT = \"/usr/bin/git\"\nPRODUCT_PLIST = File.join(ENV['BUILT_PRODUCTS_DIR'], ENV['INFOPLIST_PATH'])\nREVISION = `#{GIT} log --pretty=format:'' | wc -l`.scan(/\\d/).to_s\nBUNDLE_VERSION = \"CFBundleVersion\"\n\nif File.file?(PRODUCT_PLIST) and REVISION\n\n# update product plist\n`/usr/bin/plutil -convert xml1 \\\"#{PRODUCT_PLIST}\\\"`\ninfo = Plist::parse_xml(PRODUCT_PLIST)\nif info\ninfo[BUNDLE_VERSION] = REVISION\ninfo.save_plist(PRODUCT_PLIST)\nend\n`/usr/bin/plutil -convert binary1 \\\"#{PRODUCT_PLIST}\\\"`\n\n# log\nputs \"updated #{BUNDLE_VERSION} to #{REVISION}\"\n\nend\n";
		};
/* End PBXShellScriptBuildPhase section */

/* Begin PBXSourcesBuildPhase section */
		3B2E0B41137A11E0009B558C /* Sources */ = {
			isa = PBXSourcesBuildPhase;
			buildActionMask = 2147483647;
			files = (
				3B2E0B55137A11E1009B558C /* main.m in Sources */,
				3B2E0B5B137A11E1009B558C /* HTSAppDelegate_Mac.m in Sources */,
				3B7A06B413FEFD2E007E8CCF /* GCAlertView.m in Sources */,
				3B7A06C213FEFD2E007E8CCF /* ABNotifierFunctions.m in Sources */,
				3B7A06C413FEFD2E007E8CCF /* ABNotice.m in Sources */,
				3B7A06C613FEFD2E007E8CCF /* ABNotifier.m in Sources */,
			);
			runOnlyForDeploymentPostprocessing = 0;
		};
		3B2E0B62137A11F8009B558C /* Sources */ = {
			isa = PBXSourcesBuildPhase;
			buildActionMask = 2147483647;
			files = (
				3B2E0B73137A11F9009B558C /* main.m in Sources */,
				3B2E0B76137A11F9009B558C /* HTSAppDelegate_iOS.m in Sources */,
				3B7A06B513FEFD2E007E8CCF /* GCAlertView.m in Sources */,
				3B7A06C313FEFD2E007E8CCF /* ABNotifierFunctions.m in Sources */,
				3B7A06C513FEFD2E007E8CCF /* ABNotice.m in Sources */,
				3B7A06C713FEFD2E007E8CCF /* ABNotifier.m in Sources */,
			);
			runOnlyForDeploymentPostprocessing = 0;
		};
/* End PBXSourcesBuildPhase section */

/* Begin PBXVariantGroup section */
		3B2E0B50137A11E1009B558C /* InfoPlist.strings */ = {
			isa = PBXVariantGroup;
			children = (
				3B2E0B51137A11E1009B558C /* en */,
			);
			name = InfoPlist.strings;
			sourceTree = "<group>";
		};
		3B2E0B56137A11E1009B558C /* Credits.rtf */ = {
			isa = PBXVariantGroup;
			children = (
				3B2E0B57137A11E1009B558C /* en */,
			);
			name = Credits.rtf;
			sourceTree = "<group>";
		};
		3B2E0B5C137A11E1009B558C /* MainMenu.xib */ = {
			isa = PBXVariantGroup;
			children = (
				3B2E0B5D137A11E1009B558C /* en */,
			);
			name = MainMenu.xib;
			sourceTree = "<group>";
		};
		3B2E0B6E137A11F9009B558C /* InfoPlist.strings */ = {
			isa = PBXVariantGroup;
			children = (
				3B2E0B6F137A11F9009B558C /* en */,
			);
			name = InfoPlist.strings;
			sourceTree = "<group>";
		};
		3B2E0B77137A11F9009B558C /* MainWindow.xib */ = {
			isa = PBXVariantGroup;
			children = (
				3B2E0B78137A11F9009B558C /* en */,
			);
			name = MainWindow.xib;
			sourceTree = "<group>";
		};
/* End PBXVariantGroup section */

/* Begin XCBuildConfiguration section */
		3B2E0B3C137A11B1009B558C /* Debug */ = {
			isa = XCBuildConfiguration;
			buildSettings = {
				CLANG_WARN_BOOL_CONVERSION = YES;
				CLANG_WARN_CONSTANT_CONVERSION = YES;
				CLANG_WARN_EMPTY_BODY = YES;
				CLANG_WARN_ENUM_CONVERSION = YES;
				CLANG_WARN_INT_CONVERSION = YES;
				CLANG_WARN__DUPLICATE_METHOD_MATCH = YES;
				GCC_C_LANGUAGE_STANDARD = gnu99;
				GCC_OPTIMIZATION_LEVEL = 0;
				GCC_PREPROCESSOR_DEFINITIONS = DEBUG;
				GCC_VERSION = com.apple.compilers.llvm.clang.1_0;
				GCC_WARN_64_TO_32_BIT_CONVERSION = YES;
				GCC_WARN_ABOUT_MISSING_PROTOTYPES = YES;
				GCC_WARN_ABOUT_RETURN_TYPE = YES;
				GCC_WARN_UNDECLARED_SELECTOR = YES;
				GCC_WARN_UNINITIALIZED_AUTOS = YES;
				GCC_WARN_UNUSED_FUNCTION = YES;
				GCC_WARN_UNUSED_VARIABLE = YES;
				HEADER_SEARCH_PATHS = "";
				ONLY_ACTIVE_ARCH = YES;
			};
			name = Debug;
		};
		3B2E0B3D137A11B1009B558C /* Release */ = {
			isa = XCBuildConfiguration;
			buildSettings = {
				CLANG_WARN_BOOL_CONVERSION = YES;
				CLANG_WARN_CONSTANT_CONVERSION = YES;
				CLANG_WARN_EMPTY_BODY = YES;
				CLANG_WARN_ENUM_CONVERSION = YES;
				CLANG_WARN_INT_CONVERSION = YES;
				CLANG_WARN__DUPLICATE_METHOD_MATCH = YES;
				GCC_C_LANGUAGE_STANDARD = gnu99;
				GCC_VERSION = com.apple.compilers.llvm.clang.1_0;
				GCC_WARN_64_TO_32_BIT_CONVERSION = YES;
				GCC_WARN_ABOUT_MISSING_PROTOTYPES = YES;
				GCC_WARN_ABOUT_RETURN_TYPE = YES;
				GCC_WARN_UNDECLARED_SELECTOR = YES;
				GCC_WARN_UNINITIALIZED_AUTOS = YES;
				GCC_WARN_UNUSED_FUNCTION = YES;
				GCC_WARN_UNUSED_VARIABLE = YES;
				HEADER_SEARCH_PATHS = "";
				OTHER_CFLAGS = "-DNS_BLOCK_ASSERTIONS=1";
			};
			name = Release;
		};
		3B2E0B60137A11E1009B558C /* Debug */ = {
			isa = XCBuildConfiguration;
			buildSettings = {
				ALWAYS_SEARCH_USER_PATHS = NO;
				COMBINE_HIDPI_IMAGES = YES;
				COPY_PHASE_STRIP = NO;
				FRAMEWORK_SEARCH_PATHS = (
					"$(inherited)",
					"/Users/cpt_caveman/Documents/airbrakeiOS/airbrake-ios/Xcode/Hoptoad\\ Mac",
				);
				GCC_DYNAMIC_NO_PIC = NO;
				GCC_ENABLE_OBJC_EXCEPTIONS = YES;
				GCC_PRECOMPILE_PREFIX_HEADER = YES;
				GCC_PREFIX_HEADER = "Hoptoad Mac/Hoptoad Mac-Prefix.pch";
				GCC_WARN_64_TO_32_BIT_CONVERSION = YES;
				INFOPLIST_FILE = "Hoptoad Mac/Hoptoad Mac-Info.plist";
				MACOSX_DEPLOYMENT_TARGET = 10.6;
				PRODUCT_NAME = "$(TARGET_NAME)";
				SDKROOT = macosx;
				WRAPPER_EXTENSION = app;
			};
			name = Debug;
		};
		3B2E0B61137A11E1009B558C /* Release */ = {
			isa = XCBuildConfiguration;
			buildSettings = {
				ALWAYS_SEARCH_USER_PATHS = NO;
				COMBINE_HIDPI_IMAGES = YES;
				COPY_PHASE_STRIP = NO;
				DEBUG_INFORMATION_FORMAT = "dwarf-with-dsym";
				FRAMEWORK_SEARCH_PATHS = (
					"$(inherited)",
					"/Users/cpt_caveman/Documents/airbrakeiOS/airbrake-ios/Xcode/Hoptoad\\ Mac",
				);
				GCC_ENABLE_OBJC_EXCEPTIONS = YES;
				GCC_PRECOMPILE_PREFIX_HEADER = YES;
				GCC_PREFIX_HEADER = "Hoptoad Mac/Hoptoad Mac-Prefix.pch";
				GCC_WARN_64_TO_32_BIT_CONVERSION = YES;
				INFOPLIST_FILE = "Hoptoad Mac/Hoptoad Mac-Info.plist";
				MACOSX_DEPLOYMENT_TARGET = 10.6;
				PRODUCT_NAME = "$(TARGET_NAME)";
				SDKROOT = macosx;
				WRAPPER_EXTENSION = app;
			};
			name = Release;
		};
		3B2E0B7B137A11F9009B558C /* Debug */ = {
			isa = XCBuildConfiguration;
			buildSettings = {
				ALWAYS_SEARCH_USER_PATHS = NO;
				CLANG_ENABLE_OBJC_ARC = YES;
				CODE_SIGN_IDENTITY = "iPhone Developer";
				COPY_PHASE_STRIP = NO;
				FRAMEWORK_SEARCH_PATHS = "$(inherited)";
				GCC_DYNAMIC_NO_PIC = NO;
				GCC_PRECOMPILE_PREFIX_HEADER = YES;
				GCC_PREFIX_HEADER = "Hoptoad iOS/Hoptoad iOS-Prefix.pch";
				INFOPLIST_FILE = "Hoptoad iOS/Hoptoad iOS-Info.plist";
				IPHONEOS_DEPLOYMENT_TARGET = 6.0;
				PRODUCT_NAME = "$(TARGET_NAME)";
				PROVISIONING_PROFILE = "";
				SDKROOT = iphoneos;
				VALID_ARCHS = "arm64 armv7";
				WRAPPER_EXTENSION = app;
			};
			name = Debug;
		};
		3B2E0B7C137A11F9009B558C /* Release */ = {
			isa = XCBuildConfiguration;
			buildSettings = {
				ALWAYS_SEARCH_USER_PATHS = NO;
				CLANG_ENABLE_OBJC_ARC = YES;
				CODE_SIGN_IDENTITY = "iPhone Distribution";
				COPY_PHASE_STRIP = NO;
				FRAMEWORK_SEARCH_PATHS = "$(inherited)";
				GCC_PRECOMPILE_PREFIX_HEADER = YES;
				GCC_PREFIX_HEADER = "Hoptoad iOS/Hoptoad iOS-Prefix.pch";
				INFOPLIST_FILE = "Hoptoad iOS/Hoptoad iOS-Info.plist";
				IPHONEOS_DEPLOYMENT_TARGET = 6.0;
				PRODUCT_NAME = "$(TARGET_NAME)";
				PROVISIONING_PROFILE = "";
				SDKROOT = iphoneos;
				VALIDATE_PRODUCT = YES;
				VALID_ARCHS = "arm64 armv7";
				WRAPPER_EXTENSION = app;
			};
			name = Release;
		};
/* End XCBuildConfiguration section */

/* Begin XCConfigurationList section */
		3B2E0B1D137A11B1009B558C /* Build configuration list for PBXProject "Hoptoad Sample" */ = {
			isa = XCConfigurationList;
			buildConfigurations = (
				3B2E0B3C137A11B1009B558C /* Debug */,
				3B2E0B3D137A11B1009B558C /* Release */,
			);
			defaultConfigurationIsVisible = 0;
			defaultConfigurationName = Debug;
		};
		3B2E0B5F137A11E1009B558C /* Build configuration list for PBXNativeTarget "Hoptoad Mac" */ = {
			isa = XCConfigurationList;
			buildConfigurations = (
				3B2E0B60137A11E1009B558C /* Debug */,
				3B2E0B61137A11E1009B558C /* Release */,
			);
			defaultConfigurationIsVisible = 0;
			defaultConfigurationName = Debug;
		};
		3B2E0B7A137A11F9009B558C /* Build configuration list for PBXNativeTarget "iOSABNotifier" */ = {
			isa = XCConfigurationList;
			buildConfigurations = (
				3B2E0B7B137A11F9009B558C /* Debug */,
				3B2E0B7C137A11F9009B558C /* Release */,
			);
			defaultConfigurationIsVisible = 0;
			defaultConfigurationName = Debug;
		};
/* End XCConfigurationList section */
	};
	rootObject = 3B2E0B1A137A11B1009B558C /* Project object */;
}
